// !$*UTF8*$!
{
	archiveVersion = 1;
	classes = {
	};
	objectVersion = 46;
	objects = {

/* Begin PBXBuildFile section */
		0420427F1D9B9373003528EA /* BossViewController.m in Sources */ = {isa = PBXBuildFile; fileRef = 0420427E1D9B9373003528EA /* BossViewController.m */; };
		042042851D9BB304003528EA /* MessageInfo.m in Sources */ = {isa = PBXBuildFile; fileRef = 042042841D9BB304003528EA /* MessageInfo.m */; };
		042042881D9C9E04003528EA /* WebViewController.m in Sources */ = {isa = PBXBuildFile; fileRef = 042042871D9C9E04003528EA /* WebViewController.m */; };
		0420428B1D9CB631003528EA /* DepartMentViewController.m in Sources */ = {isa = PBXBuildFile; fileRef = 0420428A1D9CB631003528EA /* DepartMentViewController.m */; };
		0424C6A81D98EBE700940283 /* PeopleInfo.m in Sources */ = {isa = PBXBuildFile; fileRef = 0424C6A71D98EBE700940283 /* PeopleInfo.m */; };
		0424C6AB1D9925BF00940283 /* SelfInfoViewController.m in Sources */ = {isa = PBXBuildFile; fileRef = 0424C6AA1D9925BF00940283 /* SelfInfoViewController.m */; };
		0424C7541D9A145800940283 /* VPImageCropperViewController.m in Sources */ = {isa = PBXBuildFile; fileRef = 0424C7531D9A145800940283 /* VPImageCropperViewController.m */; };
		0424C75D1D9A436D00940283 /* DepartmentInfo.m in Sources */ = {isa = PBXBuildFile; fileRef = 0424C75C1D9A436D00940283 /* DepartmentInfo.m */; };
		0424C7601D9A443000940283 /* TeamInfo.m in Sources */ = {isa = PBXBuildFile; fileRef = 0424C75F1D9A443000940283 /* TeamInfo.m */; };
		046877C31D94AFE800CC0DB7 /* AddressListViewController.m in Sources */ = {isa = PBXBuildFile; fileRef = 046877C21D94AFE800CC0DB7 /* AddressListViewController.m */; };
		046877C61D94B00700CC0DB7 /* MessageViewController.m in Sources */ = {isa = PBXBuildFile; fileRef = 046877C51D94B00700CC0DB7 /* MessageViewController.m */; };
		046877C91D94B00F00CC0DB7 /* MineViewController.m in Sources */ = {isa = PBXBuildFile; fileRef = 046877C81D94B00F00CC0DB7 /* MineViewController.m */; };
		046877CC1D94C5A100CC0DB7 /* LoginViewController.m in Sources */ = {isa = PBXBuildFile; fileRef = 046877CB1D94C5A100CC0DB7 /* LoginViewController.m */; };
		046877D91D94CB6400CC0DB7 /* ALView+PureLayout.m in Sources */ = {isa = PBXBuildFile; fileRef = 046877D11D94CB6400CC0DB7 /* ALView+PureLayout.m */; };
		046877DA1D94CB6400CC0DB7 /* NSArray+PureLayout.m in Sources */ = {isa = PBXBuildFile; fileRef = 046877D31D94CB6400CC0DB7 /* NSArray+PureLayout.m */; };
		046877DB1D94CB6400CC0DB7 /* NSLayoutConstraint+PureLayout.m in Sources */ = {isa = PBXBuildFile; fileRef = 046877D51D94CB6400CC0DB7 /* NSLayoutConstraint+PureLayout.m */; };
		046878061D95050700CC0DB7 /* UIView+Animations.m in Sources */ = {isa = PBXBuildFile; fileRef = 046877DF1D95050700CC0DB7 /* UIView+Animations.m */; };
		046878071D95050700CC0DB7 /* UIViewController+XMNPhotoHUD.m in Sources */ = {isa = PBXBuildFile; fileRef = 046877E11D95050700CC0DB7 /* UIViewController+XMNPhotoHUD.m */; };
		046878081D95050700CC0DB7 /* XMNPhotoCollectionController.m in Sources */ = {isa = PBXBuildFile; fileRef = 046877E41D95050700CC0DB7 /* XMNPhotoCollectionController.m */; };
		046878091D95050700CC0DB7 /* XMNPhotoPickerController.m in Sources */ = {isa = PBXBuildFile; fileRef = 046877E61D95050700CC0DB7 /* XMNPhotoPickerController.m */; };
		0468780A1D95050700CC0DB7 /* XMNPhotoPreviewController.m in Sources */ = {isa = PBXBuildFile; fileRef = 046877E81D95050700CC0DB7 /* XMNPhotoPreviewController.m */; };
		0468780B1D95050700CC0DB7 /* XMNVideoPreviewController.m in Sources */ = {isa = PBXBuildFile; fileRef = 046877EA1D95050700CC0DB7 /* XMNVideoPreviewController.m */; };
		0468780C1D95050700CC0DB7 /* XMNAlbumModel.m in Sources */ = {isa = PBXBuildFile; fileRef = 046877ED1D95050700CC0DB7 /* XMNAlbumModel.m */; };
		0468780D1D95050700CC0DB7 /* XMNAssetModel.m in Sources */ = {isa = PBXBuildFile; fileRef = 046877EF1D95050700CC0DB7 /* XMNAssetModel.m */; };
		0468780E1D95050700CC0DB7 /* PhotoPickerKit.xcassets in Resources */ = {isa = PBXBuildFile; fileRef = 046877F01D95050700CC0DB7 /* PhotoPickerKit.xcassets */; };
		0468780F1D95050700CC0DB7 /* XMNAlbumCell.m in Sources */ = {isa = PBXBuildFile; fileRef = 046877F31D95050700CC0DB7 /* XMNAlbumCell.m */; };
		046878101D95050700CC0DB7 /* XMNAlbumCell.xib in Resources */ = {isa = PBXBuildFile; fileRef = 046877F41D95050700CC0DB7 /* XMNAlbumCell.xib */; };
		046878111D95050700CC0DB7 /* XMNAssetCell.m in Sources */ = {isa = PBXBuildFile; fileRef = 046877F61D95050700CC0DB7 /* XMNAssetCell.m */; };
		046878121D95050700CC0DB7 /* XMNAssetCell.xib in Resources */ = {isa = PBXBuildFile; fileRef = 046877F71D95050700CC0DB7 /* XMNAssetCell.xib */; };
		046878131D95050700CC0DB7 /* XMNBottomBar.m in Sources */ = {isa = PBXBuildFile; fileRef = 046877F91D95050700CC0DB7 /* XMNBottomBar.m */; };
		046878141D95050700CC0DB7 /* XMNBottomBar.xib in Resources */ = {isa = PBXBuildFile; fileRef = 046877FA1D95050700CC0DB7 /* XMNBottomBar.xib */; };
		046878151D95050700CC0DB7 /* XMNPhotoPicker.m in Sources */ = {isa = PBXBuildFile; fileRef = 046877FC1D95050700CC0DB7 /* XMNPhotoPicker.m */; };
		046878161D95050700CC0DB7 /* XMNPhotoPicker.xib in Resources */ = {isa = PBXBuildFile; fileRef = 046877FD1D95050700CC0DB7 /* XMNPhotoPicker.xib */; };
		046878171D95050700CC0DB7 /* XMNPhotoPreviewCell.m in Sources */ = {isa = PBXBuildFile; fileRef = 046877FF1D95050700CC0DB7 /* XMNPhotoPreviewCell.m */; };
		046878181D95050700CC0DB7 /* XMNPhotoStickLayout.m in Sources */ = {isa = PBXBuildFile; fileRef = 046878011D95050700CC0DB7 /* XMNPhotoStickLayout.m */; };
		046878191D95050700CC0DB7 /* XMNPhotoManager.m in Sources */ = {isa = PBXBuildFile; fileRef = 046878031D95050700CC0DB7 /* XMNPhotoManager.m */; };
		0468781C1D9518EB00CC0DB7 /* ChangePasswordViewController.m in Sources */ = {isa = PBXBuildFile; fileRef = 0468781B1D9518EB00CC0DB7 /* ChangePasswordViewController.m */; };
		047C8F921DA9E4B4003835E5 /* NSString+Extensional.m in Sources */ = {isa = PBXBuildFile; fileRef = 047C8F8F1DA9E4B4003835E5 /* NSString+Extensional.m */; };
		047C8F931DA9E4B4003835E5 /* pinyin.m in Sources */ = {isa = PBXBuildFile; fileRef = 047C8F911DA9E4B4003835E5 /* pinyin.m */; };
		04E132D21DA88F700048F6D6 /* SearchViewController.m in Sources */ = {isa = PBXBuildFile; fileRef = 04E132D11DA88F700048F6D6 /* SearchViewController.m */; };
		2D88ED7D1CE9609D00E7E91C /* main.m in Sources */ = {isa = PBXBuildFile; fileRef = 2D88ED7C1CE9609D00E7E91C /* main.m */; };
		2D88ED801CE9609D00E7E91C /* AppDelegate.m in Sources */ = {isa = PBXBuildFile; fileRef = 2D88ED7F1CE9609D00E7E91C /* AppDelegate.m */; };
		2D88ED821CE9609D00E7E91C /* Assets.xcassets in Resources */ = {isa = PBXBuildFile; fileRef = 2D88ED811CE9609D00E7E91C /* Assets.xcassets */; };
		2D88ED851CE9609D00E7E91C /* LaunchScreen.storyboard in Resources */ = {isa = PBXBuildFile; fileRef = 2D88ED831CE9609D00E7E91C /* LaunchScreen.storyboard */; };
		2D88EDDF1CE9646500E7E91C /* UIColor+SwpColor.m in Sources */ = {isa = PBXBuildFile; fileRef = 2D88ED9F1CE9646500E7E91C /* UIColor+SwpColor.m */; };
		2D88EDE01CE9646500E7E91C /* UINavigationBar+BackgroundColor.m in Sources */ = {isa = PBXBuildFile; fileRef = 2D88EDA21CE9646500E7E91C /* UINavigationBar+BackgroundColor.m */; };
		2D88EDE11CE9646500E7E91C /* UIView+SwpExtension.m in Sources */ = {isa = PBXBuildFile; fileRef = 2D88EDA51CE9646500E7E91C /* UIView+SwpExtension.m */; };
		2D88EDE21CE9646500E7E91C /* SwpGuidePage.m in Sources */ = {isa = PBXBuildFile; fileRef = 2D88EDA91CE9646500E7E91C /* SwpGuidePage.m */; };
		2D88EDE31CE9646500E7E91C /* SwpGuideModel.m in Sources */ = {isa = PBXBuildFile; fileRef = 2D88EDAC1CE9646500E7E91C /* SwpGuideModel.m */; };
		2D88EDE41CE9646500E7E91C /* SwpGuideCell.m in Sources */ = {isa = PBXBuildFile; fileRef = 2D88EDAF1CE9646500E7E91C /* SwpGuideCell.m */; };
		2D88EDE51CE9646500E7E91C /* CSqlite.m in Sources */ = {isa = PBXBuildFile; fileRef = 2D88EDB31CE9646500E7E91C /* CSqlite.m */; };
		2D88EDE61CE9646500E7E91C /* gps.db in Resources */ = {isa = PBXBuildFile; fileRef = 2D88EDB41CE9646500E7E91C /* gps.db */; };
		2D88EDE81CE9646500E7E91C /* SwpLocation.m in Sources */ = {isa = PBXBuildFile; fileRef = 2D88EDB91CE9646500E7E91C /* SwpLocation.m */; };
		2D88EDE91CE9646500E7E91C /* SwpLocationModel.m in Sources */ = {isa = PBXBuildFile; fileRef = 2D88EDBC1CE9646500E7E91C /* SwpLocationModel.m */; };
		2D88EDEA1CE9646500E7E91C /* SwpAnnotation.m in Sources */ = {isa = PBXBuildFile; fileRef = 2D88EDC01CE9646500E7E91C /* SwpAnnotation.m */; };
		2D88EDEB1CE9646500E7E91C /* SwpMapView.m in Sources */ = {isa = PBXBuildFile; fileRef = 2D88EDC31CE9646500E7E91C /* SwpMapView.m */; };
		2D88EDEC1CE9646500E7E91C /* SwpPingView.m in Sources */ = {isa = PBXBuildFile; fileRef = 2D88EDC51CE9646500E7E91C /* SwpPingView.m */; };
		2D88EDED1CE9646500E7E91C /* SwpSystemPinView.m in Sources */ = {isa = PBXBuildFile; fileRef = 2D88EDC71CE9646500E7E91C /* SwpSystemPinView.m */; };
		2D88EDEE1CE9646500E7E91C /* SwpSelectPhotographCell.m in Sources */ = {isa = PBXBuildFile; fileRef = 2D88EDCB1CE9646500E7E91C /* SwpSelectPhotographCell.m */; };
		2D88EDEF1CE9646500E7E91C /* SwpSelectPhotographView.m in Sources */ = {isa = PBXBuildFile; fileRef = 2D88EDCD1CE9646500E7E91C /* SwpSelectPhotographView.m */; };
		2D88EDF01CE9646500E7E91C /* SwpShareView.m in Sources */ = {isa = PBXBuildFile; fileRef = 2D88EDD11CE9646500E7E91C /* SwpShareView.m */; };
		2D88EDF11CE9646500E7E91C /* SwpShareModel.m in Sources */ = {isa = PBXBuildFile; fileRef = 2D88EDD41CE9646500E7E91C /* SwpShareModel.m */; };
		2D88EDF21CE9646500E7E91C /* SwpShareTools.m in Sources */ = {isa = PBXBuildFile; fileRef = 2D88EDD71CE9646500E7E91C /* SwpShareTools.m */; };
		2D88EDF31CE9646500E7E91C /* SwpShareShowCell.m in Sources */ = {isa = PBXBuildFile; fileRef = 2D88EDDA1CE9646500E7E91C /* SwpShareShowCell.m */; };
		2D88EDF41CE9646500E7E91C /* SwpShareShowCell.xib in Resources */ = {isa = PBXBuildFile; fileRef = 2D88EDDB1CE9646500E7E91C /* SwpShareShowCell.xib */; };
		2D88EDF51CE9646500E7E91C /* SwpShareShowView.m in Sources */ = {isa = PBXBuildFile; fileRef = 2D88EDDD1CE9646500E7E91C /* SwpShareShowView.m */; };
		2D88EDF71CE9648B00E7E91C /* libsqlite3.tbd in Frameworks */ = {isa = PBXBuildFile; fileRef = 2D88EDF61CE9648B00E7E91C /* libsqlite3.tbd */; };
		2D88EE2D1CE9699900E7E91C /* SwpNetworkModel.m in Sources */ = {isa = PBXBuildFile; fileRef = 2D88EE141CE9699900E7E91C /* SwpNetworkModel.m */; };
		2D88EE451CE96A6800E7E91C /* SwpBaseViewController.m in Sources */ = {isa = PBXBuildFile; fileRef = 2D88EE3C1CE96A6800E7E91C /* SwpBaseViewController.m */; };
		2D88EE461CE96A6800E7E91C /* SwpNavigationController.m in Sources */ = {isa = PBXBuildFile; fileRef = 2D88EE401CE96A6800E7E91C /* SwpNavigationController.m */; };
		2D88EE471CE96A6800E7E91C /* SwpTabBarController.m in Sources */ = {isa = PBXBuildFile; fileRef = 2D88EE431CE96A6800E7E91C /* SwpTabBarController.m */; };
		2D88EE4D1CE9741300E7E91C /* SwpUtils.m in Sources */ = {isa = PBXBuildFile; fileRef = 2D88EE4C1CE9741300E7E91C /* SwpUtils.m */; };
		2D88EE541CE977B500E7E91C /* AppDelegate+MasterInterfaceData.m in Sources */ = {isa = PBXBuildFile; fileRef = 2D88EE531CE977B500E7E91C /* AppDelegate+MasterInterfaceData.m */; };
		3636417330415FCF0934850E /* libPods-SwpFormwork.a in Frameworks */ = {isa = PBXBuildFile; fileRef = 667DB3A3D3E9F0F4468686BA /* libPods-SwpFormwork.a */; };
/* End PBXBuildFile section */

/* Begin PBXFileReference section */
		0420427D1D9B9373003528EA /* BossViewController.h */ = {isa = PBXFileReference; fileEncoding = 4; lastKnownFileType = sourcecode.c.h; name = BossViewController.h; path = SWPFormwork/Class/SwpFormworkTest1/Controllers/BossViewController.h; sourceTree = SOURCE_ROOT; };
		0420427E1D9B9373003528EA /* BossViewController.m */ = {isa = PBXFileReference; fileEncoding = 4; lastKnownFileType = sourcecode.c.objc; name = BossViewController.m; path = SWPFormwork/Class/SwpFormworkTest1/Controllers/BossViewController.m; sourceTree = SOURCE_ROOT; };
		042042831D9BB304003528EA /* MessageInfo.h */ = {isa = PBXFileReference; fileEncoding = 4; lastKnownFileType = sourcecode.c.h; name = MessageInfo.h; path = SWPFormwork/Class/SwpFormworkTest1/Controllers/MessageInfo.h; sourceTree = SOURCE_ROOT; };
		042042841D9BB304003528EA /* MessageInfo.m */ = {isa = PBXFileReference; fileEncoding = 4; lastKnownFileType = sourcecode.c.objc; name = MessageInfo.m; path = SWPFormwork/Class/SwpFormworkTest1/Controllers/MessageInfo.m; sourceTree = SOURCE_ROOT; };
		042042861D9C9E04003528EA /* WebViewController.h */ = {isa = PBXFileReference; fileEncoding = 4; lastKnownFileType = sourcecode.c.h; name = WebViewController.h; path = SWPFormwork/Class/SwpFormworkTest2/Controllers/WebViewController.h; sourceTree = SOURCE_ROOT; };
		042042871D9C9E04003528EA /* WebViewController.m */ = {isa = PBXFileReference; fileEncoding = 4; lastKnownFileType = sourcecode.c.objc; name = WebViewController.m; path = SWPFormwork/Class/SwpFormworkTest2/Controllers/WebViewController.m; sourceTree = SOURCE_ROOT; };
		042042891D9CB631003528EA /* DepartMentViewController.h */ = {isa = PBXFileReference; fileEncoding = 4; lastKnownFileType = sourcecode.c.h; name = DepartMentViewController.h; path = SWPFormwork/Class/SwpFormworkTest1/Controllers/DepartMentViewController.h; sourceTree = SOURCE_ROOT; };
		0420428A1D9CB631003528EA /* DepartMentViewController.m */ = {isa = PBXFileReference; fileEncoding = 4; lastKnownFileType = sourcecode.c.objc; name = DepartMentViewController.m; path = SWPFormwork/Class/SwpFormworkTest1/Controllers/DepartMentViewController.m; sourceTree = SOURCE_ROOT; };
		0424C6A61D98EBE700940283 /* PeopleInfo.h */ = {isa = PBXFileReference; fileEncoding = 4; lastKnownFileType = sourcecode.c.h; name = PeopleInfo.h; path = SWPFormwork/Class/SwpFormworkTest3/Controllers/PeopleInfo.h; sourceTree = SOURCE_ROOT; };
		0424C6A71D98EBE700940283 /* PeopleInfo.m */ = {isa = PBXFileReference; fileEncoding = 4; lastKnownFileType = sourcecode.c.objc; name = PeopleInfo.m; path = SWPFormwork/Class/SwpFormworkTest3/Controllers/PeopleInfo.m; sourceTree = SOURCE_ROOT; };
		0424C6A91D9925BF00940283 /* SelfInfoViewController.h */ = {isa = PBXFileReference; fileEncoding = 4; lastKnownFileType = sourcecode.c.h; name = SelfInfoViewController.h; path = SWPFormwork/Class/SwpFormworkTest3/Controllers/SelfInfoViewController.h; sourceTree = SOURCE_ROOT; };
		0424C6AA1D9925BF00940283 /* SelfInfoViewController.m */ = {isa = PBXFileReference; fileEncoding = 4; lastKnownFileType = sourcecode.c.objc; name = SelfInfoViewController.m; path = SWPFormwork/Class/SwpFormworkTest3/Controllers/SelfInfoViewController.m; sourceTree = SOURCE_ROOT; };
		0424C7521D9A145800940283 /* VPImageCropperViewController.h */ = {isa = PBXFileReference; fileEncoding = 4; lastKnownFileType = sourcecode.c.h; path = VPImageCropperViewController.h; sourceTree = "<group>"; };
		0424C7531D9A145800940283 /* VPImageCropperViewController.m */ = {isa = PBXFileReference; fileEncoding = 4; lastKnownFileType = sourcecode.c.objc; path = VPImageCropperViewController.m; sourceTree = "<group>"; };
		0424C75B1D9A436D00940283 /* DepartmentInfo.h */ = {isa = PBXFileReference; fileEncoding = 4; lastKnownFileType = sourcecode.c.h; name = DepartmentInfo.h; path = SWPFormwork/Class/SwpFormworkTest1/Controllers/DepartmentInfo.h; sourceTree = SOURCE_ROOT; };
		0424C75C1D9A436D00940283 /* DepartmentInfo.m */ = {isa = PBXFileReference; fileEncoding = 4; lastKnownFileType = sourcecode.c.objc; name = DepartmentInfo.m; path = SWPFormwork/Class/SwpFormworkTest1/Controllers/DepartmentInfo.m; sourceTree = SOURCE_ROOT; };
		0424C75E1D9A443000940283 /* TeamInfo.h */ = {isa = PBXFileReference; fileEncoding = 4; lastKnownFileType = sourcecode.c.h; name = TeamInfo.h; path = SWPFormwork/Class/SwpFormworkTest1/Controllers/TeamInfo.h; sourceTree = SOURCE_ROOT; };
		0424C75F1D9A443000940283 /* TeamInfo.m */ = {isa = PBXFileReference; fileEncoding = 4; lastKnownFileType = sourcecode.c.objc; name = TeamInfo.m; path = SWPFormwork/Class/SwpFormworkTest1/Controllers/TeamInfo.m; sourceTree = SOURCE_ROOT; };
		046877C11D94AFE800CC0DB7 /* AddressListViewController.h */ = {isa = PBXFileReference; fileEncoding = 4; lastKnownFileType = sourcecode.c.h; name = AddressListViewController.h; path = SWPFormwork/Class/SwpFormworkTest1/Controllers/AddressListViewController.h; sourceTree = SOURCE_ROOT; };
		046877C21D94AFE800CC0DB7 /* AddressListViewController.m */ = {isa = PBXFileReference; fileEncoding = 4; lastKnownFileType = sourcecode.c.objc; name = AddressListViewController.m; path = SWPFormwork/Class/SwpFormworkTest1/Controllers/AddressListViewController.m; sourceTree = SOURCE_ROOT; };
		046877C41D94B00700CC0DB7 /* MessageViewController.h */ = {isa = PBXFileReference; fileEncoding = 4; lastKnownFileType = sourcecode.c.h; name = MessageViewController.h; path = SWPFormwork/Class/SwpFormworkTest2/Controllers/MessageViewController.h; sourceTree = SOURCE_ROOT; };
		046877C51D94B00700CC0DB7 /* MessageViewController.m */ = {isa = PBXFileReference; fileEncoding = 4; lastKnownFileType = sourcecode.c.objc; name = MessageViewController.m; path = SWPFormwork/Class/SwpFormworkTest2/Controllers/MessageViewController.m; sourceTree = SOURCE_ROOT; };
		046877C71D94B00F00CC0DB7 /* MineViewController.h */ = {isa = PBXFileReference; fileEncoding = 4; lastKnownFileType = sourcecode.c.h; name = MineViewController.h; path = SWPFormwork/Class/SwpFormworkTest3/Controllers/MineViewController.h; sourceTree = SOURCE_ROOT; };
		046877C81D94B00F00CC0DB7 /* MineViewController.m */ = {isa = PBXFileReference; fileEncoding = 4; lastKnownFileType = sourcecode.c.objc; name = MineViewController.m; path = SWPFormwork/Class/SwpFormworkTest3/Controllers/MineViewController.m; sourceTree = SOURCE_ROOT; };
		046877CA1D94C5A100CC0DB7 /* LoginViewController.h */ = {isa = PBXFileReference; fileEncoding = 4; lastKnownFileType = sourcecode.c.h; name = LoginViewController.h; path = SWPFormwork/Class/SwpFormworkTest3/Controllers/LoginViewController.h; sourceTree = SOURCE_ROOT; };
		046877CB1D94C5A100CC0DB7 /* LoginViewController.m */ = {isa = PBXFileReference; fileEncoding = 4; lastKnownFileType = sourcecode.c.objc; name = LoginViewController.m; path = SWPFormwork/Class/SwpFormworkTest3/Controllers/LoginViewController.m; sourceTree = SOURCE_ROOT; };
		046877CD1D94C6EC00CC0DB7 /* defaultName.h */ = {isa = PBXFileReference; lastKnownFileType = sourcecode.c.h; path = defaultName.h; sourceTree = "<group>"; };
		046877CE1D94C6EC00CC0DB7 /* macro.h */ = {isa = PBXFileReference; lastKnownFileType = sourcecode.c.h; path = macro.h; sourceTree = "<group>"; };
		046877D01D94CB6400CC0DB7 /* ALView+PureLayout.h */ = {isa = PBXFileReference; fileEncoding = 4; lastKnownFileType = sourcecode.c.h; path = "ALView+PureLayout.h"; sourceTree = "<group>"; };
		046877D11D94CB6400CC0DB7 /* ALView+PureLayout.m */ = {isa = PBXFileReference; fileEncoding = 4; lastKnownFileType = sourcecode.c.objc; path = "ALView+PureLayout.m"; sourceTree = "<group>"; };
		046877D21D94CB6400CC0DB7 /* NSArray+PureLayout.h */ = {isa = PBXFileReference; fileEncoding = 4; lastKnownFileType = sourcecode.c.h; path = "NSArray+PureLayout.h"; sourceTree = "<group>"; };
		046877D31D94CB6400CC0DB7 /* NSArray+PureLayout.m */ = {isa = PBXFileReference; fileEncoding = 4; lastKnownFileType = sourcecode.c.objc; path = "NSArray+PureLayout.m"; sourceTree = "<group>"; };
		046877D41D94CB6400CC0DB7 /* NSLayoutConstraint+PureLayout.h */ = {isa = PBXFileReference; fileEncoding = 4; lastKnownFileType = sourcecode.c.h; path = "NSLayoutConstraint+PureLayout.h"; sourceTree = "<group>"; };
		046877D51D94CB6400CC0DB7 /* NSLayoutConstraint+PureLayout.m */ = {isa = PBXFileReference; fileEncoding = 4; lastKnownFileType = sourcecode.c.objc; path = "NSLayoutConstraint+PureLayout.m"; sourceTree = "<group>"; };
		046877D61D94CB6400CC0DB7 /* PureLayout+Internal.h */ = {isa = PBXFileReference; fileEncoding = 4; lastKnownFileType = sourcecode.c.h; path = "PureLayout+Internal.h"; sourceTree = "<group>"; };
		046877D71D94CB6400CC0DB7 /* PureLayout.h */ = {isa = PBXFileReference; fileEncoding = 4; lastKnownFileType = sourcecode.c.h; path = PureLayout.h; sourceTree = "<group>"; };
		046877D81D94CB6400CC0DB7 /* PureLayoutDefines.h */ = {isa = PBXFileReference; fileEncoding = 4; lastKnownFileType = sourcecode.c.h; path = PureLayoutDefines.h; sourceTree = "<group>"; };
		046877DE1D95050700CC0DB7 /* UIView+Animations.h */ = {isa = PBXFileReference; fileEncoding = 4; lastKnownFileType = sourcecode.c.h; path = "UIView+Animations.h"; sourceTree = "<group>"; };
		046877DF1D95050700CC0DB7 /* UIView+Animations.m */ = {isa = PBXFileReference; fileEncoding = 4; lastKnownFileType = sourcecode.c.objc; path = "UIView+Animations.m"; sourceTree = "<group>"; };
		046877E01D95050700CC0DB7 /* UIViewController+XMNPhotoHUD.h */ = {isa = PBXFileReference; fileEncoding = 4; lastKnownFileType = sourcecode.c.h; path = "UIViewController+XMNPhotoHUD.h"; sourceTree = "<group>"; };
		046877E11D95050700CC0DB7 /* UIViewController+XMNPhotoHUD.m */ = {isa = PBXFileReference; fileEncoding = 4; lastKnownFileType = sourcecode.c.objc; path = "UIViewController+XMNPhotoHUD.m"; sourceTree = "<group>"; };
		046877E31D95050700CC0DB7 /* XMNPhotoCollectionController.h */ = {isa = PBXFileReference; fileEncoding = 4; lastKnownFileType = sourcecode.c.h; path = XMNPhotoCollectionController.h; sourceTree = "<group>"; };
		046877E41D95050700CC0DB7 /* XMNPhotoCollectionController.m */ = {isa = PBXFileReference; fileEncoding = 4; lastKnownFileType = sourcecode.c.objc; path = XMNPhotoCollectionController.m; sourceTree = "<group>"; };
		046877E51D95050700CC0DB7 /* XMNPhotoPickerController.h */ = {isa = PBXFileReference; fileEncoding = 4; lastKnownFileType = sourcecode.c.h; path = XMNPhotoPickerController.h; sourceTree = "<group>"; };
		046877E61D95050700CC0DB7 /* XMNPhotoPickerController.m */ = {isa = PBXFileReference; fileEncoding = 4; lastKnownFileType = sourcecode.c.objc; path = XMNPhotoPickerController.m; sourceTree = "<group>"; };
		046877E71D95050700CC0DB7 /* XMNPhotoPreviewController.h */ = {isa = PBXFileReference; fileEncoding = 4; lastKnownFileType = sourcecode.c.h; path = XMNPhotoPreviewController.h; sourceTree = "<group>"; };
		046877E81D95050700CC0DB7 /* XMNPhotoPreviewController.m */ = {isa = PBXFileReference; fileEncoding = 4; lastKnownFileType = sourcecode.c.objc; path = XMNPhotoPreviewController.m; sourceTree = "<group>"; };
		046877E91D95050700CC0DB7 /* XMNVideoPreviewController.h */ = {isa = PBXFileReference; fileEncoding = 4; lastKnownFileType = sourcecode.c.h; path = XMNVideoPreviewController.h; sourceTree = "<group>"; };
		046877EA1D95050700CC0DB7 /* XMNVideoPreviewController.m */ = {isa = PBXFileReference; fileEncoding = 4; lastKnownFileType = sourcecode.c.objc; path = XMNVideoPreviewController.m; sourceTree = "<group>"; };
		046877EC1D95050700CC0DB7 /* XMNAlbumModel.h */ = {isa = PBXFileReference; fileEncoding = 4; lastKnownFileType = sourcecode.c.h; path = XMNAlbumModel.h; sourceTree = "<group>"; };
		046877ED1D95050700CC0DB7 /* XMNAlbumModel.m */ = {isa = PBXFileReference; fileEncoding = 4; lastKnownFileType = sourcecode.c.objc; path = XMNAlbumModel.m; sourceTree = "<group>"; };
		046877EE1D95050700CC0DB7 /* XMNAssetModel.h */ = {isa = PBXFileReference; fileEncoding = 4; lastKnownFileType = sourcecode.c.h; path = XMNAssetModel.h; sourceTree = "<group>"; };
		046877EF1D95050700CC0DB7 /* XMNAssetModel.m */ = {isa = PBXFileReference; fileEncoding = 4; lastKnownFileType = sourcecode.c.objc; path = XMNAssetModel.m; sourceTree = "<group>"; };
		046877F01D95050700CC0DB7 /* PhotoPickerKit.xcassets */ = {isa = PBXFileReference; lastKnownFileType = folder.assetcatalog; path = PhotoPickerKit.xcassets; sourceTree = "<group>"; };
		046877F21D95050700CC0DB7 /* XMNAlbumCell.h */ = {isa = PBXFileReference; fileEncoding = 4; lastKnownFileType = sourcecode.c.h; path = XMNAlbumCell.h; sourceTree = "<group>"; };
		046877F31D95050700CC0DB7 /* XMNAlbumCell.m */ = {isa = PBXFileReference; fileEncoding = 4; lastKnownFileType = sourcecode.c.objc; path = XMNAlbumCell.m; sourceTree = "<group>"; };
		046877F41D95050700CC0DB7 /* XMNAlbumCell.xib */ = {isa = PBXFileReference; fileEncoding = 4; lastKnownFileType = file.xib; path = XMNAlbumCell.xib; sourceTree = "<group>"; };
		046877F51D95050700CC0DB7 /* XMNAssetCell.h */ = {isa = PBXFileReference; fileEncoding = 4; lastKnownFileType = sourcecode.c.h; path = XMNAssetCell.h; sourceTree = "<group>"; };
		046877F61D95050700CC0DB7 /* XMNAssetCell.m */ = {isa = PBXFileReference; fileEncoding = 4; lastKnownFileType = sourcecode.c.objc; path = XMNAssetCell.m; sourceTree = "<group>"; };
		046877F71D95050700CC0DB7 /* XMNAssetCell.xib */ = {isa = PBXFileReference; fileEncoding = 4; lastKnownFileType = file.xib; path = XMNAssetCell.xib; sourceTree = "<group>"; };
		046877F81D95050700CC0DB7 /* XMNBottomBar.h */ = {isa = PBXFileReference; fileEncoding = 4; lastKnownFileType = sourcecode.c.h; path = XMNBottomBar.h; sourceTree = "<group>"; };
		046877F91D95050700CC0DB7 /* XMNBottomBar.m */ = {isa = PBXFileReference; fileEncoding = 4; lastKnownFileType = sourcecode.c.objc; path = XMNBottomBar.m; sourceTree = "<group>"; };
		046877FA1D95050700CC0DB7 /* XMNBottomBar.xib */ = {isa = PBXFileReference; fileEncoding = 4; lastKnownFileType = file.xib; path = XMNBottomBar.xib; sourceTree = "<group>"; };
		046877FB1D95050700CC0DB7 /* XMNPhotoPicker.h */ = {isa = PBXFileReference; fileEncoding = 4; lastKnownFileType = sourcecode.c.h; path = XMNPhotoPicker.h; sourceTree = "<group>"; };
		046877FC1D95050700CC0DB7 /* XMNPhotoPicker.m */ = {isa = PBXFileReference; fileEncoding = 4; lastKnownFileType = sourcecode.c.objc; path = XMNPhotoPicker.m; sourceTree = "<group>"; };
		046877FD1D95050700CC0DB7 /* XMNPhotoPicker.xib */ = {isa = PBXFileReference; fileEncoding = 4; lastKnownFileType = file.xib; path = XMNPhotoPicker.xib; sourceTree = "<group>"; };
		046877FE1D95050700CC0DB7 /* XMNPhotoPreviewCell.h */ = {isa = PBXFileReference; fileEncoding = 4; lastKnownFileType = sourcecode.c.h; path = XMNPhotoPreviewCell.h; sourceTree = "<group>"; };
		046877FF1D95050700CC0DB7 /* XMNPhotoPreviewCell.m */ = {isa = PBXFileReference; fileEncoding = 4; lastKnownFileType = sourcecode.c.objc; path = XMNPhotoPreviewCell.m; sourceTree = "<group>"; };
		046878001D95050700CC0DB7 /* XMNPhotoStickLayout.h */ = {isa = PBXFileReference; fileEncoding = 4; lastKnownFileType = sourcecode.c.h; path = XMNPhotoStickLayout.h; sourceTree = "<group>"; };
		046878011D95050700CC0DB7 /* XMNPhotoStickLayout.m */ = {isa = PBXFileReference; fileEncoding = 4; lastKnownFileType = sourcecode.c.objc; path = XMNPhotoStickLayout.m; sourceTree = "<group>"; };
		046878021D95050700CC0DB7 /* XMNPhotoManager.h */ = {isa = PBXFileReference; fileEncoding = 4; lastKnownFileType = sourcecode.c.h; path = XMNPhotoManager.h; sourceTree = "<group>"; };
		046878031D95050700CC0DB7 /* XMNPhotoManager.m */ = {isa = PBXFileReference; fileEncoding = 4; lastKnownFileType = sourcecode.c.objc; path = XMNPhotoManager.m; sourceTree = "<group>"; };
		046878041D95050700CC0DB7 /* XMNPhotoPickerDefines.h */ = {isa = PBXFileReference; fileEncoding = 4; lastKnownFileType = sourcecode.c.h; path = XMNPhotoPickerDefines.h; sourceTree = "<group>"; };
		046878051D95050700CC0DB7 /* XMNPhotoPickerFramework.h */ = {isa = PBXFileReference; fileEncoding = 4; lastKnownFileType = sourcecode.c.h; path = XMNPhotoPickerFramework.h; sourceTree = "<group>"; };
		0468781A1D9518EB00CC0DB7 /* ChangePasswordViewController.h */ = {isa = PBXFileReference; fileEncoding = 4; lastKnownFileType = sourcecode.c.h; name = ChangePasswordViewController.h; path = SWPFormwork/Class/SwpFormworkTest3/Controllers/ChangePasswordViewController.h; sourceTree = SOURCE_ROOT; };
		0468781B1D9518EB00CC0DB7 /* ChangePasswordViewController.m */ = {isa = PBXFileReference; fileEncoding = 4; lastKnownFileType = sourcecode.c.objc; name = ChangePasswordViewController.m; path = SWPFormwork/Class/SwpFormworkTest3/Controllers/ChangePasswordViewController.m; sourceTree = SOURCE_ROOT; };
		047C8F8E1DA9E4B4003835E5 /* NSString+Extensional.h */ = {isa = PBXFileReference; fileEncoding = 4; lastKnownFileType = sourcecode.c.h; path = "NSString+Extensional.h"; sourceTree = "<group>"; };
		047C8F8F1DA9E4B4003835E5 /* NSString+Extensional.m */ = {isa = PBXFileReference; fileEncoding = 4; lastKnownFileType = sourcecode.c.objc; path = "NSString+Extensional.m"; sourceTree = "<group>"; };
		047C8F901DA9E4B4003835E5 /* pinyin.h */ = {isa = PBXFileReference; fileEncoding = 4; lastKnownFileType = sourcecode.c.h; path = pinyin.h; sourceTree = "<group>"; };
		047C8F911DA9E4B4003835E5 /* pinyin.m */ = {isa = PBXFileReference; fileEncoding = 4; lastKnownFileType = sourcecode.c.objc; path = pinyin.m; sourceTree = "<group>"; };
		04E132D01DA88F700048F6D6 /* SearchViewController.h */ = {isa = PBXFileReference; fileEncoding = 4; lastKnownFileType = sourcecode.c.h; path = SearchViewController.h; sourceTree = "<group>"; };
		04E132D11DA88F700048F6D6 /* SearchViewController.m */ = {isa = PBXFileReference; fileEncoding = 4; lastKnownFileType = sourcecode.c.objc; path = SearchViewController.m; sourceTree = "<group>"; };
		21F9E4976590E6F8E387DCD1 /* Pods-SwpFormwork.debug.xcconfig */ = {isa = PBXFileReference; includeInIndex = 1; lastKnownFileType = text.xcconfig; name = "Pods-SwpFormwork.debug.xcconfig"; path = "Pods/Target Support Files/Pods-SwpFormwork/Pods-SwpFormwork.debug.xcconfig"; sourceTree = "<group>"; };
		2D88ED781CE9609D00E7E91C /* SwpFormwork.app */ = {isa = PBXFileReference; explicitFileType = wrapper.application; includeInIndex = 0; path = SwpFormwork.app; sourceTree = BUILT_PRODUCTS_DIR; };
		2D88ED7C1CE9609D00E7E91C /* main.m */ = {isa = PBXFileReference; lastKnownFileType = sourcecode.c.objc; path = main.m; sourceTree = "<group>"; };
		2D88ED7E1CE9609D00E7E91C /* AppDelegate.h */ = {isa = PBXFileReference; lastKnownFileType = sourcecode.c.h; path = AppDelegate.h; sourceTree = "<group>"; };
		2D88ED7F1CE9609D00E7E91C /* AppDelegate.m */ = {isa = PBXFileReference; lastKnownFileType = sourcecode.c.objc; path = AppDelegate.m; sourceTree = "<group>"; };
		2D88ED811CE9609D00E7E91C /* Assets.xcassets */ = {isa = PBXFileReference; lastKnownFileType = folder.assetcatalog; path = Assets.xcassets; sourceTree = "<group>"; };
		2D88ED841CE9609D00E7E91C /* Base */ = {isa = PBXFileReference; lastKnownFileType = file.storyboard; name = Base; path = Base.lproj/LaunchScreen.storyboard; sourceTree = "<group>"; };
		2D88ED861CE9609D00E7E91C /* Info.plist */ = {isa = PBXFileReference; lastKnownFileType = text.plist.xml; path = Info.plist; sourceTree = "<group>"; };
		2D88ED9E1CE9646500E7E91C /* UIColor+SwpColor.h */ = {isa = PBXFileReference; fileEncoding = 4; lastKnownFileType = sourcecode.c.h; path = "UIColor+SwpColor.h"; sourceTree = "<group>"; };
		2D88ED9F1CE9646500E7E91C /* UIColor+SwpColor.m */ = {isa = PBXFileReference; fileEncoding = 4; lastKnownFileType = sourcecode.c.objc; path = "UIColor+SwpColor.m"; sourceTree = "<group>"; };
		2D88EDA11CE9646500E7E91C /* UINavigationBar+BackgroundColor.h */ = {isa = PBXFileReference; fileEncoding = 4; lastKnownFileType = sourcecode.c.h; path = "UINavigationBar+BackgroundColor.h"; sourceTree = "<group>"; };
		2D88EDA21CE9646500E7E91C /* UINavigationBar+BackgroundColor.m */ = {isa = PBXFileReference; fileEncoding = 4; lastKnownFileType = sourcecode.c.objc; path = "UINavigationBar+BackgroundColor.m"; sourceTree = "<group>"; };
		2D88EDA41CE9646500E7E91C /* UIView+SwpExtension.h */ = {isa = PBXFileReference; fileEncoding = 4; lastKnownFileType = sourcecode.c.h; path = "UIView+SwpExtension.h"; sourceTree = "<group>"; };
		2D88EDA51CE9646500E7E91C /* UIView+SwpExtension.m */ = {isa = PBXFileReference; fileEncoding = 4; lastKnownFileType = sourcecode.c.objc; path = "UIView+SwpExtension.m"; sourceTree = "<group>"; };
		2D88EDA81CE9646500E7E91C /* SwpGuidePage.h */ = {isa = PBXFileReference; fileEncoding = 4; lastKnownFileType = sourcecode.c.h; path = SwpGuidePage.h; sourceTree = "<group>"; };
		2D88EDA91CE9646500E7E91C /* SwpGuidePage.m */ = {isa = PBXFileReference; fileEncoding = 4; lastKnownFileType = sourcecode.c.objc; path = SwpGuidePage.m; sourceTree = "<group>"; };
		2D88EDAB1CE9646500E7E91C /* SwpGuideModel.h */ = {isa = PBXFileReference; fileEncoding = 4; lastKnownFileType = sourcecode.c.h; path = SwpGuideModel.h; sourceTree = "<group>"; };
		2D88EDAC1CE9646500E7E91C /* SwpGuideModel.m */ = {isa = PBXFileReference; fileEncoding = 4; lastKnownFileType = sourcecode.c.objc; path = SwpGuideModel.m; sourceTree = "<group>"; };
		2D88EDAE1CE9646500E7E91C /* SwpGuideCell.h */ = {isa = PBXFileReference; fileEncoding = 4; lastKnownFileType = sourcecode.c.h; path = SwpGuideCell.h; sourceTree = "<group>"; };
		2D88EDAF1CE9646500E7E91C /* SwpGuideCell.m */ = {isa = PBXFileReference; fileEncoding = 4; lastKnownFileType = sourcecode.c.objc; path = SwpGuideCell.m; sourceTree = "<group>"; };
		2D88EDB21CE9646500E7E91C /* CSqlite.h */ = {isa = PBXFileReference; fileEncoding = 4; lastKnownFileType = sourcecode.c.h; path = CSqlite.h; sourceTree = "<group>"; };
		2D88EDB31CE9646500E7E91C /* CSqlite.m */ = {isa = PBXFileReference; fileEncoding = 4; lastKnownFileType = sourcecode.c.objc; path = CSqlite.m; sourceTree = "<group>"; };
		2D88EDB41CE9646500E7E91C /* gps.db */ = {isa = PBXFileReference; lastKnownFileType = file; path = gps.db; sourceTree = "<group>"; };
		2D88EDB81CE9646500E7E91C /* SwpLocation.h */ = {isa = PBXFileReference; fileEncoding = 4; lastKnownFileType = sourcecode.c.h; path = SwpLocation.h; sourceTree = "<group>"; };
		2D88EDB91CE9646500E7E91C /* SwpLocation.m */ = {isa = PBXFileReference; fileEncoding = 4; lastKnownFileType = sourcecode.c.objc; path = SwpLocation.m; sourceTree = "<group>"; };
		2D88EDBB1CE9646500E7E91C /* SwpLocationModel.h */ = {isa = PBXFileReference; fileEncoding = 4; lastKnownFileType = sourcecode.c.h; path = SwpLocationModel.h; sourceTree = "<group>"; };
		2D88EDBC1CE9646500E7E91C /* SwpLocationModel.m */ = {isa = PBXFileReference; fileEncoding = 4; lastKnownFileType = sourcecode.c.objc; path = SwpLocationModel.m; sourceTree = "<group>"; };
		2D88EDBF1CE9646500E7E91C /* SwpAnnotation.h */ = {isa = PBXFileReference; fileEncoding = 4; lastKnownFileType = sourcecode.c.h; path = SwpAnnotation.h; sourceTree = "<group>"; };
		2D88EDC01CE9646500E7E91C /* SwpAnnotation.m */ = {isa = PBXFileReference; fileEncoding = 4; lastKnownFileType = sourcecode.c.objc; path = SwpAnnotation.m; sourceTree = "<group>"; };
		2D88EDC21CE9646500E7E91C /* SwpMapView.h */ = {isa = PBXFileReference; fileEncoding = 4; lastKnownFileType = sourcecode.c.h; path = SwpMapView.h; sourceTree = "<group>"; };
		2D88EDC31CE9646500E7E91C /* SwpMapView.m */ = {isa = PBXFileReference; fileEncoding = 4; lastKnownFileType = sourcecode.c.objc; path = SwpMapView.m; sourceTree = "<group>"; };
		2D88EDC41CE9646500E7E91C /* SwpPingView.h */ = {isa = PBXFileReference; fileEncoding = 4; lastKnownFileType = sourcecode.c.h; path = SwpPingView.h; sourceTree = "<group>"; };
		2D88EDC51CE9646500E7E91C /* SwpPingView.m */ = {isa = PBXFileReference; fileEncoding = 4; lastKnownFileType = sourcecode.c.objc; path = SwpPingView.m; sourceTree = "<group>"; };
		2D88EDC61CE9646500E7E91C /* SwpSystemPinView.h */ = {isa = PBXFileReference; fileEncoding = 4; lastKnownFileType = sourcecode.c.h; path = SwpSystemPinView.h; sourceTree = "<group>"; };
		2D88EDC71CE9646500E7E91C /* SwpSystemPinView.m */ = {isa = PBXFileReference; fileEncoding = 4; lastKnownFileType = sourcecode.c.objc; path = SwpSystemPinView.m; sourceTree = "<group>"; };
		2D88EDCA1CE9646500E7E91C /* SwpSelectPhotographCell.h */ = {isa = PBXFileReference; fileEncoding = 4; lastKnownFileType = sourcecode.c.h; path = SwpSelectPhotographCell.h; sourceTree = "<group>"; };
		2D88EDCB1CE9646500E7E91C /* SwpSelectPhotographCell.m */ = {isa = PBXFileReference; fileEncoding = 4; lastKnownFileType = sourcecode.c.objc; path = SwpSelectPhotographCell.m; sourceTree = "<group>"; };
		2D88EDCC1CE9646500E7E91C /* SwpSelectPhotographView.h */ = {isa = PBXFileReference; fileEncoding = 4; lastKnownFileType = sourcecode.c.h; path = SwpSelectPhotographView.h; sourceTree = "<group>"; };
		2D88EDCD1CE9646500E7E91C /* SwpSelectPhotographView.m */ = {isa = PBXFileReference; fileEncoding = 4; lastKnownFileType = sourcecode.c.objc; path = SwpSelectPhotographView.m; sourceTree = "<group>"; };
		2D88EDD01CE9646500E7E91C /* SwpShareView.h */ = {isa = PBXFileReference; fileEncoding = 4; lastKnownFileType = sourcecode.c.h; path = SwpShareView.h; sourceTree = "<group>"; };
		2D88EDD11CE9646500E7E91C /* SwpShareView.m */ = {isa = PBXFileReference; fileEncoding = 4; lastKnownFileType = sourcecode.c.objc; path = SwpShareView.m; sourceTree = "<group>"; };
		2D88EDD31CE9646500E7E91C /* SwpShareModel.h */ = {isa = PBXFileReference; fileEncoding = 4; lastKnownFileType = sourcecode.c.h; path = SwpShareModel.h; sourceTree = "<group>"; };
		2D88EDD41CE9646500E7E91C /* SwpShareModel.m */ = {isa = PBXFileReference; fileEncoding = 4; lastKnownFileType = sourcecode.c.objc; path = SwpShareModel.m; sourceTree = "<group>"; };
		2D88EDD61CE9646500E7E91C /* SwpShareTools.h */ = {isa = PBXFileReference; fileEncoding = 4; lastKnownFileType = sourcecode.c.h; path = SwpShareTools.h; sourceTree = "<group>"; };
		2D88EDD71CE9646500E7E91C /* SwpShareTools.m */ = {isa = PBXFileReference; fileEncoding = 4; lastKnownFileType = sourcecode.c.objc; path = SwpShareTools.m; sourceTree = "<group>"; };
		2D88EDD91CE9646500E7E91C /* SwpShareShowCell.h */ = {isa = PBXFileReference; fileEncoding = 4; lastKnownFileType = sourcecode.c.h; path = SwpShareShowCell.h; sourceTree = "<group>"; };
		2D88EDDA1CE9646500E7E91C /* SwpShareShowCell.m */ = {isa = PBXFileReference; fileEncoding = 4; lastKnownFileType = sourcecode.c.objc; path = SwpShareShowCell.m; sourceTree = "<group>"; };
		2D88EDDB1CE9646500E7E91C /* SwpShareShowCell.xib */ = {isa = PBXFileReference; fileEncoding = 4; lastKnownFileType = file.xib; path = SwpShareShowCell.xib; sourceTree = "<group>"; };
		2D88EDDC1CE9646500E7E91C /* SwpShareShowView.h */ = {isa = PBXFileReference; fileEncoding = 4; lastKnownFileType = sourcecode.c.h; path = SwpShareShowView.h; sourceTree = "<group>"; };
		2D88EDDD1CE9646500E7E91C /* SwpShareShowView.m */ = {isa = PBXFileReference; fileEncoding = 4; lastKnownFileType = sourcecode.c.objc; path = SwpShareShowView.m; sourceTree = "<group>"; };
		2D88EDF61CE9648B00E7E91C /* libsqlite3.tbd */ = {isa = PBXFileReference; lastKnownFileType = "sourcecode.text-based-dylib-definition"; name = libsqlite3.tbd; path = usr/lib/libsqlite3.tbd; sourceTree = SDKROOT; };
		2D88EE131CE9699900E7E91C /* SwpNetworkModel.h */ = {isa = PBXFileReference; fileEncoding = 4; lastKnownFileType = sourcecode.c.h; path = SwpNetworkModel.h; sourceTree = "<group>"; };
		2D88EE141CE9699900E7E91C /* SwpNetworkModel.m */ = {isa = PBXFileReference; fileEncoding = 4; lastKnownFileType = sourcecode.c.objc; path = SwpNetworkModel.m; sourceTree = "<group>"; };
		2D88EE171CE9699900E7E91C /* SwpFormworkHeader.h */ = {isa = PBXFileReference; fileEncoding = 4; lastKnownFileType = sourcecode.c.h; path = SwpFormworkHeader.h; sourceTree = "<group>"; };
		2D88EE181CE9699900E7E91C /* SwpFormworkPCH.h */ = {isa = PBXFileReference; fileEncoding = 4; lastKnownFileType = sourcecode.c.h; path = SwpFormworkPCH.h; sourceTree = "<group>"; };
		2D88EE3B1CE96A6800E7E91C /* SwpBaseViewController.h */ = {isa = PBXFileReference; fileEncoding = 4; lastKnownFileType = sourcecode.c.h; path = SwpBaseViewController.h; sourceTree = "<group>"; };
		2D88EE3C1CE96A6800E7E91C /* SwpBaseViewController.m */ = {isa = PBXFileReference; fileEncoding = 4; lastKnownFileType = sourcecode.c.objc; path = SwpBaseViewController.m; sourceTree = "<group>"; };
		2D88EE3F1CE96A6800E7E91C /* SwpNavigationController.h */ = {isa = PBXFileReference; fileEncoding = 4; lastKnownFileType = sourcecode.c.h; path = SwpNavigationController.h; sourceTree = "<group>"; };
		2D88EE401CE96A6800E7E91C /* SwpNavigationController.m */ = {isa = PBXFileReference; fileEncoding = 4; lastKnownFileType = sourcecode.c.objc; path = SwpNavigationController.m; sourceTree = "<group>"; };
		2D88EE421CE96A6800E7E91C /* SwpTabBarController.h */ = {isa = PBXFileReference; fileEncoding = 4; lastKnownFileType = sourcecode.c.h; path = SwpTabBarController.h; sourceTree = "<group>"; };
		2D88EE431CE96A6800E7E91C /* SwpTabBarController.m */ = {isa = PBXFileReference; fileEncoding = 4; lastKnownFileType = sourcecode.c.objc; path = SwpTabBarController.m; sourceTree = "<group>"; };
		2D88EE4B1CE9741300E7E91C /* SwpUtils.h */ = {isa = PBXFileReference; fileEncoding = 4; lastKnownFileType = sourcecode.c.h; path = SwpUtils.h; sourceTree = "<group>"; };
		2D88EE4C1CE9741300E7E91C /* SwpUtils.m */ = {isa = PBXFileReference; fileEncoding = 4; lastKnownFileType = sourcecode.c.objc; path = SwpUtils.m; sourceTree = "<group>"; };
		2D88EE521CE977B500E7E91C /* AppDelegate+MasterInterfaceData.h */ = {isa = PBXFileReference; fileEncoding = 4; lastKnownFileType = sourcecode.c.h; path = "AppDelegate+MasterInterfaceData.h"; sourceTree = "<group>"; };
		2D88EE531CE977B500E7E91C /* AppDelegate+MasterInterfaceData.m */ = {isa = PBXFileReference; fileEncoding = 4; lastKnownFileType = sourcecode.c.objc; path = "AppDelegate+MasterInterfaceData.m"; sourceTree = "<group>"; };
		667DB3A3D3E9F0F4468686BA /* libPods-SwpFormwork.a */ = {isa = PBXFileReference; explicitFileType = archive.ar; includeInIndex = 0; path = "libPods-SwpFormwork.a"; sourceTree = BUILT_PRODUCTS_DIR; };
		FA1DF7AE43581268B4624DD0 /* Pods-SwpFormwork.release.xcconfig */ = {isa = PBXFileReference; includeInIndex = 1; lastKnownFileType = text.xcconfig; name = "Pods-SwpFormwork.release.xcconfig"; path = "Pods/Target Support Files/Pods-SwpFormwork/Pods-SwpFormwork.release.xcconfig"; sourceTree = "<group>"; };
/* End PBXFileReference section */

/* Begin PBXFrameworksBuildPhase section */
		2D88ED751CE9609D00E7E91C /* Frameworks */ = {
			isa = PBXFrameworksBuildPhase;
			buildActionMask = 2147483647;
			files = (
				2D88EDF71CE9648B00E7E91C /* libsqlite3.tbd in Frameworks */,
				3636417330415FCF0934850E /* libPods-SwpFormwork.a in Frameworks */,
			);
			runOnlyForDeploymentPostprocessing = 0;
		};
/* End PBXFrameworksBuildPhase section */

/* Begin PBXGroup section */
		0424C7511D9A145800940283 /* VPImageCropper */ = {
			isa = PBXGroup;
			children = (
				0424C7521D9A145800940283 /* VPImageCropperViewController.h */,
				0424C7531D9A145800940283 /* VPImageCropperViewController.m */,
			);
			path = VPImageCropper;
			sourceTree = "<group>";
		};
		046877CF1D94CB6400CC0DB7 /* PureLayout */ = {
			isa = PBXGroup;
			children = (
				046877D01D94CB6400CC0DB7 /* ALView+PureLayout.h */,
				046877D11D94CB6400CC0DB7 /* ALView+PureLayout.m */,
				046877D21D94CB6400CC0DB7 /* NSArray+PureLayout.h */,
				046877D31D94CB6400CC0DB7 /* NSArray+PureLayout.m */,
				046877D41D94CB6400CC0DB7 /* NSLayoutConstraint+PureLayout.h */,
				046877D51D94CB6400CC0DB7 /* NSLayoutConstraint+PureLayout.m */,
				046877D61D94CB6400CC0DB7 /* PureLayout+Internal.h */,
				046877D71D94CB6400CC0DB7 /* PureLayout.h */,
				046877D81D94CB6400CC0DB7 /* PureLayoutDefines.h */,
			);
			path = PureLayout;
			sourceTree = "<group>";
		};
		046877DC1D95050700CC0DB7 /* XMNPhotoPickerFramework */ = {
			isa = PBXGroup;
			children = (
				046877DD1D95050700CC0DB7 /* Categories */,
				046877E21D95050700CC0DB7 /* Controllers */,
				046877EB1D95050700CC0DB7 /* Models */,
				046877F01D95050700CC0DB7 /* PhotoPickerKit.xcassets */,
				046877F11D95050700CC0DB7 /* Views */,
				046878021D95050700CC0DB7 /* XMNPhotoManager.h */,
				046878031D95050700CC0DB7 /* XMNPhotoManager.m */,
				046878041D95050700CC0DB7 /* XMNPhotoPickerDefines.h */,
				046878051D95050700CC0DB7 /* XMNPhotoPickerFramework.h */,
			);
			path = XMNPhotoPickerFramework;
			sourceTree = "<group>";
		};
		046877DD1D95050700CC0DB7 /* Categories */ = {
			isa = PBXGroup;
			children = (
				046877DE1D95050700CC0DB7 /* UIView+Animations.h */,
				046877DF1D95050700CC0DB7 /* UIView+Animations.m */,
				046877E01D95050700CC0DB7 /* UIViewController+XMNPhotoHUD.h */,
				046877E11D95050700CC0DB7 /* UIViewController+XMNPhotoHUD.m */,
			);
			path = Categories;
			sourceTree = "<group>";
		};
		046877E21D95050700CC0DB7 /* Controllers */ = {
			isa = PBXGroup;
			children = (
				046877E31D95050700CC0DB7 /* XMNPhotoCollectionController.h */,
				046877E41D95050700CC0DB7 /* XMNPhotoCollectionController.m */,
				046877E51D95050700CC0DB7 /* XMNPhotoPickerController.h */,
				046877E61D95050700CC0DB7 /* XMNPhotoPickerController.m */,
				046877E71D95050700CC0DB7 /* XMNPhotoPreviewController.h */,
				046877E81D95050700CC0DB7 /* XMNPhotoPreviewController.m */,
				046877E91D95050700CC0DB7 /* XMNVideoPreviewController.h */,
				046877EA1D95050700CC0DB7 /* XMNVideoPreviewController.m */,
			);
			path = Controllers;
			sourceTree = "<group>";
		};
		046877EB1D95050700CC0DB7 /* Models */ = {
			isa = PBXGroup;
			children = (
				046877EC1D95050700CC0DB7 /* XMNAlbumModel.h */,
				046877ED1D95050700CC0DB7 /* XMNAlbumModel.m */,
				046877EE1D95050700CC0DB7 /* XMNAssetModel.h */,
				046877EF1D95050700CC0DB7 /* XMNAssetModel.m */,
			);
			path = Models;
			sourceTree = "<group>";
		};
		046877F11D95050700CC0DB7 /* Views */ = {
			isa = PBXGroup;
			children = (
				046877F21D95050700CC0DB7 /* XMNAlbumCell.h */,
				046877F31D95050700CC0DB7 /* XMNAlbumCell.m */,
				046877F41D95050700CC0DB7 /* XMNAlbumCell.xib */,
				046877F51D95050700CC0DB7 /* XMNAssetCell.h */,
				046877F61D95050700CC0DB7 /* XMNAssetCell.m */,
				046877F71D95050700CC0DB7 /* XMNAssetCell.xib */,
				046877F81D95050700CC0DB7 /* XMNBottomBar.h */,
				046877F91D95050700CC0DB7 /* XMNBottomBar.m */,
				046877FA1D95050700CC0DB7 /* XMNBottomBar.xib */,
				046877FB1D95050700CC0DB7 /* XMNPhotoPicker.h */,
				046877FC1D95050700CC0DB7 /* XMNPhotoPicker.m */,
				046877FD1D95050700CC0DB7 /* XMNPhotoPicker.xib */,
				046877FE1D95050700CC0DB7 /* XMNPhotoPreviewCell.h */,
				046877FF1D95050700CC0DB7 /* XMNPhotoPreviewCell.m */,
				046878001D95050700CC0DB7 /* XMNPhotoStickLayout.h */,
				046878011D95050700CC0DB7 /* XMNPhotoStickLayout.m */,
			);
			path = Views;
			sourceTree = "<group>";
		};
		047C8F8D1DA9E4B4003835E5 /* ChineseToPinYin */ = {
			isa = PBXGroup;
			children = (
				047C8F8E1DA9E4B4003835E5 /* NSString+Extensional.h */,
				047C8F8F1DA9E4B4003835E5 /* NSString+Extensional.m */,
				047C8F901DA9E4B4003835E5 /* pinyin.h */,
				047C8F911DA9E4B4003835E5 /* pinyin.m */,
			);
			path = ChineseToPinYin;
			sourceTree = "<group>";
		};
		2D88ED6F1CE9609D00E7E91C = {
			isa = PBXGroup;
			children = (
				2D88ED7A1CE9609D00E7E91C /* SwpFormwork */,
				2D88ED791CE9609D00E7E91C /* Products */,
				FEDA774025A0A46FD13DE5C4 /* Pods */,
				AC29BC09CCABBE0FC4D55CFB /* Frameworks */,
			);
			sourceTree = "<group>";
		};
		2D88ED791CE9609D00E7E91C /* Products */ = {
			isa = PBXGroup;
			children = (
				2D88ED781CE9609D00E7E91C /* SwpFormwork.app */,
			);
			name = Products;
			sourceTree = "<group>";
		};
		2D88ED7A1CE9609D00E7E91C /* SwpFormwork */ = {
			isa = PBXGroup;
			children = (
				2D88ED8C1CE9646500E7E91C /* Class */,
				2D88ED971CE9646500E7E91C /* Librarys */,
				2D88ED7E1CE9609D00E7E91C /* AppDelegate.h */,
				2D88ED7F1CE9609D00E7E91C /* AppDelegate.m */,
				2D88ED811CE9609D00E7E91C /* Assets.xcassets */,
				2D88ED831CE9609D00E7E91C /* LaunchScreen.storyboard */,
				2D88ED861CE9609D00E7E91C /* Info.plist */,
				2D88ED7B1CE9609D00E7E91C /* Supporting Files */,
			);
			path = SwpFormwork;
			sourceTree = "<group>";
		};
		2D88ED7B1CE9609D00E7E91C /* Supporting Files */ = {
			isa = PBXGroup;
			children = (
				2D88ED7C1CE9609D00E7E91C /* main.m */,
			);
			name = "Supporting Files";
			sourceTree = "<group>";
		};
		2D88ED8C1CE9646500E7E91C /* Class */ = {
			isa = PBXGroup;
			children = (
				2D88EE061CE9699900E7E91C /* Main */,
				2D88EE1A1CE9699900E7E91C /* AddressList */,
				2D88EE1E1CE9699900E7E91C /* Message */,
				2D88EE221CE9699900E7E91C /* Mine */,
			);
			path = Class;
			sourceTree = "<group>";
		};
		2D88ED971CE9646500E7E91C /* Librarys */ = {
			isa = PBXGroup;
			children = (
				047C8F8D1DA9E4B4003835E5 /* ChineseToPinYin */,
				0424C7511D9A145800940283 /* VPImageCropper */,
				046877DC1D95050700CC0DB7 /* XMNPhotoPickerFramework */,
				2D88ED981CE9646500E7E91C /* SwpTools */,
			);
			path = Librarys;
			sourceTree = "<group>";
		};
		2D88ED981CE9646500E7E91C /* SwpTools */ = {
			isa = PBXGroup;
			children = (
				046877CF1D94CB6400CC0DB7 /* PureLayout */,
				2D88ED9C1CE9646500E7E91C /* SwpCategory */,
				2D88EDA61CE9646500E7E91C /* SwpGuidePage */,
				2D88EDB01CE9646500E7E91C /* SwpLocation */,
				2D88EDC81CE9646500E7E91C /* SwpView */,
			);
			path = SwpTools;
			sourceTree = "<group>";
		};
		2D88ED9C1CE9646500E7E91C /* SwpCategory */ = {
			isa = PBXGroup;
			children = (
				2D88ED9D1CE9646500E7E91C /* UIColorCategory */,
				2D88EDA01CE9646500E7E91C /* UINavigationBarCategory */,
				2D88EDA31CE9646500E7E91C /* UIViewCategory */,
			);
			path = SwpCategory;
			sourceTree = "<group>";
		};
		2D88ED9D1CE9646500E7E91C /* UIColorCategory */ = {
			isa = PBXGroup;
			children = (
				2D88ED9E1CE9646500E7E91C /* UIColor+SwpColor.h */,
				2D88ED9F1CE9646500E7E91C /* UIColor+SwpColor.m */,
			);
			path = UIColorCategory;
			sourceTree = "<group>";
		};
		2D88EDA01CE9646500E7E91C /* UINavigationBarCategory */ = {
			isa = PBXGroup;
			children = (
				2D88EDA11CE9646500E7E91C /* UINavigationBar+BackgroundColor.h */,
				2D88EDA21CE9646500E7E91C /* UINavigationBar+BackgroundColor.m */,
			);
			path = UINavigationBarCategory;
			sourceTree = "<group>";
		};
		2D88EDA31CE9646500E7E91C /* UIViewCategory */ = {
			isa = PBXGroup;
			children = (
				2D88EDA41CE9646500E7E91C /* UIView+SwpExtension.h */,
				2D88EDA51CE9646500E7E91C /* UIView+SwpExtension.m */,
			);
			path = UIViewCategory;
			sourceTree = "<group>";
		};
		2D88EDA61CE9646500E7E91C /* SwpGuidePage */ = {
			isa = PBXGroup;
			children = (
				2D88EDA71CE9646500E7E91C /* Controller */,
				2D88EDAA1CE9646500E7E91C /* Model */,
				2D88EDAD1CE9646500E7E91C /* View */,
			);
			path = SwpGuidePage;
			sourceTree = "<group>";
		};
		2D88EDA71CE9646500E7E91C /* Controller */ = {
			isa = PBXGroup;
			children = (
				2D88EDA81CE9646500E7E91C /* SwpGuidePage.h */,
				2D88EDA91CE9646500E7E91C /* SwpGuidePage.m */,
			);
			path = Controller;
			sourceTree = "<group>";
		};
		2D88EDAA1CE9646500E7E91C /* Model */ = {
			isa = PBXGroup;
			children = (
				2D88EDAB1CE9646500E7E91C /* SwpGuideModel.h */,
				2D88EDAC1CE9646500E7E91C /* SwpGuideModel.m */,
			);
			path = Model;
			sourceTree = "<group>";
		};
		2D88EDAD1CE9646500E7E91C /* View */ = {
			isa = PBXGroup;
			children = (
				2D88EDAE1CE9646500E7E91C /* SwpGuideCell.h */,
				2D88EDAF1CE9646500E7E91C /* SwpGuideCell.m */,
			);
			path = View;
			sourceTree = "<group>";
		};
		2D88EDB01CE9646500E7E91C /* SwpLocation */ = {
			isa = PBXGroup;
			children = (
				2D88EDB11CE9646500E7E91C /* LocationLibrary */,
				2D88EDB51CE9646500E7E91C /* SwpLocation */,
				2D88EDBA1CE9646500E7E91C /* SwpLocationModel */,
				2D88EDBD1CE9646500E7E91C /* SwpMapView */,
			);
			path = SwpLocation;
			sourceTree = "<group>";
		};
		2D88EDB11CE9646500E7E91C /* LocationLibrary */ = {
			isa = PBXGroup;
			children = (
				2D88EDB21CE9646500E7E91C /* CSqlite.h */,
				2D88EDB31CE9646500E7E91C /* CSqlite.m */,
				2D88EDB41CE9646500E7E91C /* gps.db */,
			);
			path = LocationLibrary;
			sourceTree = "<group>";
		};
		2D88EDB51CE9646500E7E91C /* SwpLocation */ = {
			isa = PBXGroup;
			children = (
				2D88EDB81CE9646500E7E91C /* SwpLocation.h */,
				2D88EDB91CE9646500E7E91C /* SwpLocation.m */,
			);
			path = SwpLocation;
			sourceTree = "<group>";
		};
		2D88EDBA1CE9646500E7E91C /* SwpLocationModel */ = {
			isa = PBXGroup;
			children = (
				2D88EDBB1CE9646500E7E91C /* SwpLocationModel.h */,
				2D88EDBC1CE9646500E7E91C /* SwpLocationModel.m */,
			);
			path = SwpLocationModel;
			sourceTree = "<group>";
		};
		2D88EDBD1CE9646500E7E91C /* SwpMapView */ = {
			isa = PBXGroup;
			children = (
				2D88EDBE1CE9646500E7E91C /* Model */,
				2D88EDC11CE9646500E7E91C /* View */,
			);
			path = SwpMapView;
			sourceTree = "<group>";
		};
		2D88EDBE1CE9646500E7E91C /* Model */ = {
			isa = PBXGroup;
			children = (
				2D88EDBF1CE9646500E7E91C /* SwpAnnotation.h */,
				2D88EDC01CE9646500E7E91C /* SwpAnnotation.m */,
			);
			path = Model;
			sourceTree = "<group>";
		};
		2D88EDC11CE9646500E7E91C /* View */ = {
			isa = PBXGroup;
			children = (
				2D88EDC21CE9646500E7E91C /* SwpMapView.h */,
				2D88EDC31CE9646500E7E91C /* SwpMapView.m */,
				2D88EDC41CE9646500E7E91C /* SwpPingView.h */,
				2D88EDC51CE9646500E7E91C /* SwpPingView.m */,
				2D88EDC61CE9646500E7E91C /* SwpSystemPinView.h */,
				2D88EDC71CE9646500E7E91C /* SwpSystemPinView.m */,
			);
			path = View;
			sourceTree = "<group>";
		};
		2D88EDC81CE9646500E7E91C /* SwpView */ = {
			isa = PBXGroup;
			children = (
				2D88EDC91CE9646500E7E91C /* SwpSelectPhotographView */,
				2D88EDCE1CE9646500E7E91C /* SwpShareView */,
			);
			path = SwpView;
			sourceTree = "<group>";
		};
		2D88EDC91CE9646500E7E91C /* SwpSelectPhotographView */ = {
			isa = PBXGroup;
			children = (
				2D88EDCA1CE9646500E7E91C /* SwpSelectPhotographCell.h */,
				2D88EDCB1CE9646500E7E91C /* SwpSelectPhotographCell.m */,
				2D88EDCC1CE9646500E7E91C /* SwpSelectPhotographView.h */,
				2D88EDCD1CE9646500E7E91C /* SwpSelectPhotographView.m */,
			);
			path = SwpSelectPhotographView;
			sourceTree = "<group>";
		};
		2D88EDCE1CE9646500E7E91C /* SwpShareView */ = {
			isa = PBXGroup;
			children = (
				2D88EDCF1CE9646500E7E91C /* Header */,
				2D88EDD21CE9646500E7E91C /* Models */,
				2D88EDD51CE9646500E7E91C /* Tools */,
				2D88EDD81CE9646500E7E91C /* Views */,
			);
			path = SwpShareView;
			sourceTree = "<group>";
		};
		2D88EDCF1CE9646500E7E91C /* Header */ = {
			isa = PBXGroup;
			children = (
				2D88EDD01CE9646500E7E91C /* SwpShareView.h */,
				2D88EDD11CE9646500E7E91C /* SwpShareView.m */,
			);
			path = Header;
			sourceTree = "<group>";
		};
		2D88EDD21CE9646500E7E91C /* Models */ = {
			isa = PBXGroup;
			children = (
				2D88EDD31CE9646500E7E91C /* SwpShareModel.h */,
				2D88EDD41CE9646500E7E91C /* SwpShareModel.m */,
			);
			path = Models;
			sourceTree = "<group>";
		};
		2D88EDD51CE9646500E7E91C /* Tools */ = {
			isa = PBXGroup;
			children = (
				2D88EDD61CE9646500E7E91C /* SwpShareTools.h */,
				2D88EDD71CE9646500E7E91C /* SwpShareTools.m */,
			);
			path = Tools;
			sourceTree = "<group>";
		};
		2D88EDD81CE9646500E7E91C /* Views */ = {
			isa = PBXGroup;
			children = (
				2D88EDD91CE9646500E7E91C /* SwpShareShowCell.h */,
				2D88EDDA1CE9646500E7E91C /* SwpShareShowCell.m */,
				2D88EDDB1CE9646500E7E91C /* SwpShareShowCell.xib */,
				2D88EDDC1CE9646500E7E91C /* SwpShareShowView.h */,
				2D88EDDD1CE9646500E7E91C /* SwpShareShowView.m */,
			);
			path = Views;
			sourceTree = "<group>";
		};
		2D88EE061CE9699900E7E91C /* Main */ = {
			isa = PBXGroup;
			children = (
				2D88EE071CE9699900E7E91C /* Controllers */,
				2D88EE121CE9699900E7E91C /* Models */,
				2D88EE151CE9699900E7E91C /* SwpOrder */,
			);
			path = Main;
			sourceTree = "<group>";
		};
		2D88EE071CE9699900E7E91C /* Controllers */ = {
			isa = PBXGroup;
			children = (
				2D88EE3A1CE96A6800E7E91C /* SwpBaseViewController */,
				2D88EE3E1CE96A6800E7E91C /* SwpNavigationController */,
				2D88EE411CE96A6800E7E91C /* SwpTabBarViewController */,
				2D88EE441CE96A6800E7E91C /* SwpWebViewController */,
			);
			path = Controllers;
			sourceTree = "<group>";
		};
		2D88EE121CE9699900E7E91C /* Models */ = {
			isa = PBXGroup;
			children = (
				2D88EE131CE9699900E7E91C /* SwpNetworkModel.h */,
				2D88EE141CE9699900E7E91C /* SwpNetworkModel.m */,
			);
			path = Models;
			sourceTree = "<group>";
		};
		2D88EE151CE9699900E7E91C /* SwpOrder */ = {
			isa = PBXGroup;
			children = (
				2D88EE4E1CE9778900E7E91C /* SwpAppDelegateCategory */,
				2D88EE161CE9699900E7E91C /* SwpHeader */,
				2D88EE191CE9699900E7E91C /* SwpUtils */,
			);
			path = SwpOrder;
			sourceTree = "<group>";
		};
		2D88EE161CE9699900E7E91C /* SwpHeader */ = {
			isa = PBXGroup;
			children = (
				046877CD1D94C6EC00CC0DB7 /* defaultName.h */,
				046877CE1D94C6EC00CC0DB7 /* macro.h */,
				2D88EE171CE9699900E7E91C /* SwpFormworkHeader.h */,
				2D88EE181CE9699900E7E91C /* SwpFormworkPCH.h */,
			);
			path = SwpHeader;
			sourceTree = "<group>";
		};
		2D88EE191CE9699900E7E91C /* SwpUtils */ = {
			isa = PBXGroup;
			children = (
				2D88EE4B1CE9741300E7E91C /* SwpUtils.h */,
				2D88EE4C1CE9741300E7E91C /* SwpUtils.m */,
			);
			path = SwpUtils;
			sourceTree = "<group>";
		};
		2D88EE1A1CE9699900E7E91C /* AddressList */ = {
			isa = PBXGroup;
			children = (
				2D88EE1B1CE9699900E7E91C /* Controllers */,
				2D88EE1C1CE9699900E7E91C /* Models */,
				2D88EE1D1CE9699900E7E91C /* Views */,
			);
			name = AddressList;
			path = SwpFormworkTest1;
			sourceTree = "<group>";
		};
		2D88EE1B1CE9699900E7E91C /* Controllers */ = {
			isa = PBXGroup;
			children = (
				04E132D01DA88F700048F6D6 /* SearchViewController.h */,
				04E132D11DA88F700048F6D6 /* SearchViewController.m */,
				046877C11D94AFE800CC0DB7 /* AddressListViewController.h */,
				046877C21D94AFE800CC0DB7 /* AddressListViewController.m */,
				042042891D9CB631003528EA /* DepartMentViewController.h */,
				0420428A1D9CB631003528EA /* DepartMentViewController.m */,
				0420427D1D9B9373003528EA /* BossViewController.h */,
				0420427E1D9B9373003528EA /* BossViewController.m */,
			);
			path = Controllers;
			sourceTree = "<group>";
		};
		2D88EE1C1CE9699900E7E91C /* Models */ = {
			isa = PBXGroup;
			children = (
				0424C6A61D98EBE700940283 /* PeopleInfo.h */,
				0424C6A71D98EBE700940283 /* PeopleInfo.m */,
				0424C75B1D9A436D00940283 /* DepartmentInfo.h */,
				0424C75C1D9A436D00940283 /* DepartmentInfo.m */,
				0424C75E1D9A443000940283 /* TeamInfo.h */,
				0424C75F1D9A443000940283 /* TeamInfo.m */,
			);
			path = Models;
			sourceTree = "<group>";
		};
		2D88EE1D1CE9699900E7E91C /* Views */ = {
			isa = PBXGroup;
			children = (
			);
			path = Views;
			sourceTree = "<group>";
		};
		2D88EE1E1CE9699900E7E91C /* Message */ = {
			isa = PBXGroup;
			children = (
				2D88EE1F1CE9699900E7E91C /* Controllers */,
				2D88EE201CE9699900E7E91C /* Models */,
				2D88EE211CE9699900E7E91C /* Views */,
			);
			name = Message;
			path = SwpFormworkTest2;
			sourceTree = "<group>";
		};
		2D88EE1F1CE9699900E7E91C /* Controllers */ = {
			isa = PBXGroup;
			children = (
				046877C41D94B00700CC0DB7 /* MessageViewController.h */,
				046877C51D94B00700CC0DB7 /* MessageViewController.m */,
				042042861D9C9E04003528EA /* WebViewController.h */,
				042042871D9C9E04003528EA /* WebViewController.m */,
			);
			path = Controllers;
			sourceTree = "<group>";
		};
		2D88EE201CE9699900E7E91C /* Models */ = {
			isa = PBXGroup;
			children = (
				042042831D9BB304003528EA /* MessageInfo.h */,
				042042841D9BB304003528EA /* MessageInfo.m */,
			);
			path = Models;
			sourceTree = "<group>";
		};
		2D88EE211CE9699900E7E91C /* Views */ = {
			isa = PBXGroup;
			children = (
			);
			path = Views;
			sourceTree = "<group>";
		};
		2D88EE221CE9699900E7E91C /* Mine */ = {
			isa = PBXGroup;
			children = (
				2D88EE231CE9699900E7E91C /* Controllers */,
				2D88EE241CE9699900E7E91C /* Models */,
				2D88EE251CE9699900E7E91C /* Views */,
			);
			name = Mine;
			path = SwpFormworkTest3;
			sourceTree = "<group>";
		};
		2D88EE231CE9699900E7E91C /* Controllers */ = {
			isa = PBXGroup;
			children = (
				046877C71D94B00F00CC0DB7 /* MineViewController.h */,
				046877C81D94B00F00CC0DB7 /* MineViewController.m */,
				046877CA1D94C5A100CC0DB7 /* LoginViewController.h */,
				046877CB1D94C5A100CC0DB7 /* LoginViewController.m */,
				0468781A1D9518EB00CC0DB7 /* ChangePasswordViewController.h */,
				0468781B1D9518EB00CC0DB7 /* ChangePasswordViewController.m */,
				0424C6A91D9925BF00940283 /* SelfInfoViewController.h */,
				0424C6AA1D9925BF00940283 /* SelfInfoViewController.m */,
			);
			path = Controllers;
			sourceTree = "<group>";
		};
		2D88EE241CE9699900E7E91C /* Models */ = {
			isa = PBXGroup;
			children = (
			);
			path = Models;
			sourceTree = "<group>";
		};
		2D88EE251CE9699900E7E91C /* Views */ = {
			isa = PBXGroup;
			children = (
			);
			path = Views;
			sourceTree = "<group>";
		};
		2D88EE3A1CE96A6800E7E91C /* SwpBaseViewController */ = {
			isa = PBXGroup;
			children = (
				2D88EE3B1CE96A6800E7E91C /* SwpBaseViewController.h */,
				2D88EE3C1CE96A6800E7E91C /* SwpBaseViewController.m */,
			);
			path = SwpBaseViewController;
			sourceTree = "<group>";
		};
		2D88EE3E1CE96A6800E7E91C /* SwpNavigationController */ = {
			isa = PBXGroup;
			children = (
				2D88EE3F1CE96A6800E7E91C /* SwpNavigationController.h */,
				2D88EE401CE96A6800E7E91C /* SwpNavigationController.m */,
			);
			path = SwpNavigationController;
			sourceTree = "<group>";
		};
		2D88EE411CE96A6800E7E91C /* SwpTabBarViewController */ = {
			isa = PBXGroup;
			children = (
				2D88EE421CE96A6800E7E91C /* SwpTabBarController.h */,
				2D88EE431CE96A6800E7E91C /* SwpTabBarController.m */,
			);
			path = SwpTabBarViewController;
			sourceTree = "<group>";
		};
		2D88EE441CE96A6800E7E91C /* SwpWebViewController */ = {
			isa = PBXGroup;
			children = (
			);
			path = SwpWebViewController;
			sourceTree = "<group>";
		};
		2D88EE4E1CE9778900E7E91C /* SwpAppDelegateCategory */ = {
			isa = PBXGroup;
			children = (
				2D88EE521CE977B500E7E91C /* AppDelegate+MasterInterfaceData.h */,
				2D88EE531CE977B500E7E91C /* AppDelegate+MasterInterfaceData.m */,
			);
			path = SwpAppDelegateCategory;
			sourceTree = "<group>";
		};
		AC29BC09CCABBE0FC4D55CFB /* Frameworks */ = {
			isa = PBXGroup;
			children = (
				2D88EDF61CE9648B00E7E91C /* libsqlite3.tbd */,
				667DB3A3D3E9F0F4468686BA /* libPods-SwpFormwork.a */,
			);
			name = Frameworks;
			sourceTree = "<group>";
		};
		FEDA774025A0A46FD13DE5C4 /* Pods */ = {
			isa = PBXGroup;
			children = (
				21F9E4976590E6F8E387DCD1 /* Pods-SwpFormwork.debug.xcconfig */,
				FA1DF7AE43581268B4624DD0 /* Pods-SwpFormwork.release.xcconfig */,
			);
			name = Pods;
			sourceTree = "<group>";
		};
/* End PBXGroup section */

/* Begin PBXNativeTarget section */
		2D88ED771CE9609D00E7E91C /* SwpFormwork */ = {
			isa = PBXNativeTarget;
			buildConfigurationList = 2D88ED891CE9609D00E7E91C /* Build configuration list for PBXNativeTarget "SwpFormwork" */;
			buildPhases = (
				672BD3036EBC420D6295D819 /* 📦 Check Pods Manifest.lock */,
				2D88ED741CE9609D00E7E91C /* Sources */,
				2D88ED751CE9609D00E7E91C /* Frameworks */,
				2D88ED761CE9609D00E7E91C /* Resources */,
				339DCBE4CBFC867050F9E1D4 /* 📦 Embed Pods Frameworks */,
				FE7399AF4C1871EBC8714E8A /* 📦 Copy Pods Resources */,
			);
			buildRules = (
			);
			dependencies = (
			);
			name = SwpFormwork;
			productName = SwpFormwork;
			productReference = 2D88ED781CE9609D00E7E91C /* SwpFormwork.app */;
			productType = "com.apple.product-type.application";
		};
/* End PBXNativeTarget section */

/* Begin PBXProject section */
		2D88ED701CE9609D00E7E91C /* Project object */ = {
			isa = PBXProject;
			attributes = {
				LastUpgradeCheck = 0800;
				ORGANIZATIONNAME = swp_song;
				TargetAttributes = {
					2D88ED771CE9609D00E7E91C = {
						CreatedOnToolsVersion = 7.3.1;
						DevelopmentTeam = LPE25S623J;
					};
				};
			};
			buildConfigurationList = 2D88ED731CE9609D00E7E91C /* Build configuration list for PBXProject "SwpFormwork" */;
			compatibilityVersion = "Xcode 3.2";
			developmentRegion = English;
			hasScannedForEncodings = 0;
			knownRegions = (
				en,
				Base,
			);
			mainGroup = 2D88ED6F1CE9609D00E7E91C;
			productRefGroup = 2D88ED791CE9609D00E7E91C /* Products */;
			projectDirPath = "";
			projectRoot = "";
			targets = (
				2D88ED771CE9609D00E7E91C /* SwpFormwork */,
			);
		};
/* End PBXProject section */

/* Begin PBXResourcesBuildPhase section */
		2D88ED761CE9609D00E7E91C /* Resources */ = {
			isa = PBXResourcesBuildPhase;
			buildActionMask = 2147483647;
			files = (
				2D88ED821CE9609D00E7E91C /* Assets.xcassets in Resources */,
				0468780E1D95050700CC0DB7 /* PhotoPickerKit.xcassets in Resources */,
				2D88ED851CE9609D00E7E91C /* LaunchScreen.storyboard in Resources */,
				046878101D95050700CC0DB7 /* XMNAlbumCell.xib in Resources */,
				2D88EDE61CE9646500E7E91C /* gps.db in Resources */,
				046878121D95050700CC0DB7 /* XMNAssetCell.xib in Resources */,
				046878161D95050700CC0DB7 /* XMNPhotoPicker.xib in Resources */,
				046878141D95050700CC0DB7 /* XMNBottomBar.xib in Resources */,
				2D88EDF41CE9646500E7E91C /* SwpShareShowCell.xib in Resources */,
			);
			runOnlyForDeploymentPostprocessing = 0;
		};
/* End PBXResourcesBuildPhase section */

/* Begin PBXShellScriptBuildPhase section */
		339DCBE4CBFC867050F9E1D4 /* 📦 Embed Pods Frameworks */ = {
			isa = PBXShellScriptBuildPhase;
			buildActionMask = 2147483647;
			files = (
			);
			inputPaths = (
			);
			name = "📦 Embed Pods Frameworks";
			outputPaths = (
			);
			runOnlyForDeploymentPostprocessing = 0;
			shellPath = /bin/sh;
			shellScript = "\"${SRCROOT}/Pods/Target Support Files/Pods-SwpFormwork/Pods-SwpFormwork-frameworks.sh\"\n";
			showEnvVarsInLog = 0;
		};
		672BD3036EBC420D6295D819 /* 📦 Check Pods Manifest.lock */ = {
			isa = PBXShellScriptBuildPhase;
			buildActionMask = 2147483647;
			files = (
			);
			inputPaths = (
			);
			name = "📦 Check Pods Manifest.lock";
			outputPaths = (
			);
			runOnlyForDeploymentPostprocessing = 0;
			shellPath = /bin/sh;
			shellScript = "diff \"${PODS_ROOT}/../Podfile.lock\" \"${PODS_ROOT}/Manifest.lock\" > /dev/null\nif [[ $? != 0 ]] ; then\n    cat << EOM\nerror: The sandbox is not in sync with the Podfile.lock. Run 'pod install' or update your CocoaPods installation.\nEOM\n    exit 1\nfi\n";
			showEnvVarsInLog = 0;
		};
		FE7399AF4C1871EBC8714E8A /* 📦 Copy Pods Resources */ = {
			isa = PBXShellScriptBuildPhase;
			buildActionMask = 2147483647;
			files = (
			);
			inputPaths = (
			);
			name = "📦 Copy Pods Resources";
			outputPaths = (
			);
			runOnlyForDeploymentPostprocessing = 0;
			shellPath = /bin/sh;
			shellScript = "\"${SRCROOT}/Pods/Target Support Files/Pods-SwpFormwork/Pods-SwpFormwork-resources.sh\"\n";
			showEnvVarsInLog = 0;
		};
/* End PBXShellScriptBuildPhase section */

/* Begin PBXSourcesBuildPhase section */
		2D88ED741CE9609D00E7E91C /* Sources */ = {
			isa = PBXSourcesBuildPhase;
			buildActionMask = 2147483647;
			files = (
				2D88EE541CE977B500E7E91C /* AppDelegate+MasterInterfaceData.m in Sources */,
				2D88EDEF1CE9646500E7E91C /* SwpSelectPhotographView.m in Sources */,
				2D88EE2D1CE9699900E7E91C /* SwpNetworkModel.m in Sources */,
				047C8F921DA9E4B4003835E5 /* NSString+Extensional.m in Sources */,
				046877D91D94CB6400CC0DB7 /* ALView+PureLayout.m in Sources */,
				046877C31D94AFE800CC0DB7 /* AddressListViewController.m in Sources */,
				2D88EE461CE96A6800E7E91C /* SwpNavigationController.m in Sources */,
				2D88EE451CE96A6800E7E91C /* SwpBaseViewController.m in Sources */,
				046878151D95050700CC0DB7 /* XMNPhotoPicker.m in Sources */,
				042042851D9BB304003528EA /* MessageInfo.m in Sources */,
				0424C7601D9A443000940283 /* TeamInfo.m in Sources */,
				2D88ED801CE9609D00E7E91C /* AppDelegate.m in Sources */,
				042042881D9C9E04003528EA /* WebViewController.m in Sources */,
				2D88EDE11CE9646500E7E91C /* UIView+SwpExtension.m in Sources */,
				046878071D95050700CC0DB7 /* UIViewController+XMNPhotoHUD.m in Sources */,
				2D88EDED1CE9646500E7E91C /* SwpSystemPinView.m in Sources */,
				046878191D95050700CC0DB7 /* XMNPhotoManager.m in Sources */,
				0468780B1D95050700CC0DB7 /* XMNVideoPreviewController.m in Sources */,
				2D88ED7D1CE9609D00E7E91C /* main.m in Sources */,
				2D88EDEE1CE9646500E7E91C /* SwpSelectPhotographCell.m in Sources */,
				2D88EDEB1CE9646500E7E91C /* SwpMapView.m in Sources */,
				2D88EDE31CE9646500E7E91C /* SwpGuideModel.m in Sources */,
				2D88EDDF1CE9646500E7E91C /* UIColor+SwpColor.m in Sources */,
				2D88EDE51CE9646500E7E91C /* CSqlite.m in Sources */,
				046877DA1D94CB6400CC0DB7 /* NSArray+PureLayout.m in Sources */,
				2D88EDE81CE9646500E7E91C /* SwpLocation.m in Sources */,
				046878111D95050700CC0DB7 /* XMNAssetCell.m in Sources */,
				0468780D1D95050700CC0DB7 /* XMNAssetModel.m in Sources */,
				046878131D95050700CC0DB7 /* XMNBottomBar.m in Sources */,
				2D88EDE01CE9646500E7E91C /* UINavigationBar+BackgroundColor.m in Sources */,
				2D88EDEA1CE9646500E7E91C /* SwpAnnotation.m in Sources */,
				0424C75D1D9A436D00940283 /* DepartmentInfo.m in Sources */,
				2D88EDF51CE9646500E7E91C /* SwpShareShowView.m in Sources */,
				046878181D95050700CC0DB7 /* XMNPhotoStickLayout.m in Sources */,
				2D88EDEC1CE9646500E7E91C /* SwpPingView.m in Sources */,
				2D88EDF11CE9646500E7E91C /* SwpShareModel.m in Sources */,
				0420427F1D9B9373003528EA /* BossViewController.m in Sources */,
				2D88EDF21CE9646500E7E91C /* SwpShareTools.m in Sources */,
				046877C61D94B00700CC0DB7 /* MessageViewController.m in Sources */,
				046878091D95050700CC0DB7 /* XMNPhotoPickerController.m in Sources */,
				046878061D95050700CC0DB7 /* UIView+Animations.m in Sources */,
				0424C7541D9A145800940283 /* VPImageCropperViewController.m in Sources */,
				2D88EE4D1CE9741300E7E91C /* SwpUtils.m in Sources */,
				04E132D21DA88F700048F6D6 /* SearchViewController.m in Sources */,
				0424C6AB1D9925BF00940283 /* SelfInfoViewController.m in Sources */,
				046877CC1D94C5A100CC0DB7 /* LoginViewController.m in Sources */,
				0468781C1D9518EB00CC0DB7 /* ChangePasswordViewController.m in Sources */,
				0420428B1D9CB631003528EA /* DepartMentViewController.m in Sources */,
				2D88EDE91CE9646500E7E91C /* SwpLocationModel.m in Sources */,
				046878081D95050700CC0DB7 /* XMNPhotoCollectionController.m in Sources */,
				0468780F1D95050700CC0DB7 /* XMNAlbumCell.m in Sources */,
				2D88EE471CE96A6800E7E91C /* SwpTabBarController.m in Sources */,
				046877C91D94B00F00CC0DB7 /* MineViewController.m in Sources */,
				2D88EDF01CE9646500E7E91C /* SwpShareView.m in Sources */,
				2D88EDF31CE9646500E7E91C /* SwpShareShowCell.m in Sources */,
				2D88EDE21CE9646500E7E91C /* SwpGuidePage.m in Sources */,
				046877DB1D94CB6400CC0DB7 /* NSLayoutConstraint+PureLayout.m in Sources */,
				0468780A1D95050700CC0DB7 /* XMNPhotoPreviewController.m in Sources */,
				047C8F931DA9E4B4003835E5 /* pinyin.m in Sources */,
				2D88EDE41CE9646500E7E91C /* SwpGuideCell.m in Sources */,
				0468780C1D95050700CC0DB7 /* XMNAlbumModel.m in Sources */,
				046878171D95050700CC0DB7 /* XMNPhotoPreviewCell.m in Sources */,
				0424C6A81D98EBE700940283 /* PeopleInfo.m in Sources */,
			);
			runOnlyForDeploymentPostprocessing = 0;
		};
/* End PBXSourcesBuildPhase section */

/* Begin PBXVariantGroup section */
		2D88ED831CE9609D00E7E91C /* LaunchScreen.storyboard */ = {
			isa = PBXVariantGroup;
			children = (
				2D88ED841CE9609D00E7E91C /* Base */,
			);
			name = LaunchScreen.storyboard;
			sourceTree = "<group>";
		};
/* End PBXVariantGroup section */

/* Begin XCBuildConfiguration section */
		2D88ED871CE9609D00E7E91C /* Debug */ = {
			isa = XCBuildConfiguration;
			buildSettings = {
				ALWAYS_SEARCH_USER_PATHS = NO;
				CLANG_ANALYZER_NONNULL = YES;
				CLANG_CXX_LANGUAGE_STANDARD = "gnu++0x";
				CLANG_CXX_LIBRARY = "libc++";
				CLANG_ENABLE_MODULES = YES;
				CLANG_ENABLE_OBJC_ARC = YES;
				CLANG_WARN_BOOL_CONVERSION = YES;
				CLANG_WARN_CONSTANT_CONVERSION = YES;
				CLANG_WARN_DIRECT_OBJC_ISA_USAGE = YES_ERROR;
				CLANG_WARN_EMPTY_BODY = YES;
				CLANG_WARN_ENUM_CONVERSION = YES;
				CLANG_WARN_INFINITE_RECURSION = YES;
				CLANG_WARN_INT_CONVERSION = YES;
				CLANG_WARN_OBJC_ROOT_CLASS = YES_ERROR;
				CLANG_WARN_SUSPICIOUS_MOVE = YES;
				CLANG_WARN_UNREACHABLE_CODE = YES;
				CLANG_WARN__DUPLICATE_METHOD_MATCH = YES;
				"CODE_SIGN_IDENTITY[sdk=iphoneos*]" = "iPhone Developer";
				COPY_PHASE_STRIP = NO;
				DEBUG_INFORMATION_FORMAT = dwarf;
				ENABLE_STRICT_OBJC_MSGSEND = YES;
				ENABLE_TESTABILITY = YES;
				GCC_C_LANGUAGE_STANDARD = gnu99;
				GCC_DYNAMIC_NO_PIC = NO;
				GCC_NO_COMMON_BLOCKS = YES;
				GCC_OPTIMIZATION_LEVEL = 0;
				GCC_PREPROCESSOR_DEFINITIONS = (
					"DEBUG=1",
					"$(inherited)",
				);
				GCC_WARN_64_TO_32_BIT_CONVERSION = YES;
				GCC_WARN_ABOUT_RETURN_TYPE = YES_ERROR;
				GCC_WARN_UNDECLARED_SELECTOR = YES;
				GCC_WARN_UNINITIALIZED_AUTOS = YES_AGGRESSIVE;
				GCC_WARN_UNUSED_FUNCTION = YES;
				GCC_WARN_UNUSED_VARIABLE = YES;
				IPHONEOS_DEPLOYMENT_TARGET = 9.3;
				MTL_ENABLE_DEBUG_INFO = YES;
				ONLY_ACTIVE_ARCH = YES;
				SDKROOT = iphoneos;
			};
			name = Debug;
		};
		2D88ED881CE9609D00E7E91C /* Release */ = {
			isa = XCBuildConfiguration;
			buildSettings = {
				ALWAYS_SEARCH_USER_PATHS = NO;
				CLANG_ANALYZER_NONNULL = YES;
				CLANG_CXX_LANGUAGE_STANDARD = "gnu++0x";
				CLANG_CXX_LIBRARY = "libc++";
				CLANG_ENABLE_MODULES = YES;
				CLANG_ENABLE_OBJC_ARC = YES;
				CLANG_WARN_BOOL_CONVERSION = YES;
				CLANG_WARN_CONSTANT_CONVERSION = YES;
				CLANG_WARN_DIRECT_OBJC_ISA_USAGE = YES_ERROR;
				CLANG_WARN_EMPTY_BODY = YES;
				CLANG_WARN_ENUM_CONVERSION = YES;
				CLANG_WARN_INFINITE_RECURSION = YES;
				CLANG_WARN_INT_CONVERSION = YES;
				CLANG_WARN_OBJC_ROOT_CLASS = YES_ERROR;
				CLANG_WARN_SUSPICIOUS_MOVE = YES;
				CLANG_WARN_UNREACHABLE_CODE = YES;
				CLANG_WARN__DUPLICATE_METHOD_MATCH = YES;
				"CODE_SIGN_IDENTITY[sdk=iphoneos*]" = "iPhone Developer";
				COPY_PHASE_STRIP = NO;
				DEBUG_INFORMATION_FORMAT = "dwarf-with-dsym";
				ENABLE_NS_ASSERTIONS = NO;
				ENABLE_STRICT_OBJC_MSGSEND = YES;
				GCC_C_LANGUAGE_STANDARD = gnu99;
				GCC_NO_COMMON_BLOCKS = YES;
				GCC_WARN_64_TO_32_BIT_CONVERSION = YES;
				GCC_WARN_ABOUT_RETURN_TYPE = YES_ERROR;
				GCC_WARN_UNDECLARED_SELECTOR = YES;
				GCC_WARN_UNINITIALIZED_AUTOS = YES_AGGRESSIVE;
				GCC_WARN_UNUSED_FUNCTION = YES;
				GCC_WARN_UNUSED_VARIABLE = YES;
				IPHONEOS_DEPLOYMENT_TARGET = 9.3;
				MTL_ENABLE_DEBUG_INFO = NO;
				SDKROOT = iphoneos;
				VALIDATE_PRODUCT = YES;
			};
			name = Release;
		};
		2D88ED8A1CE9609D00E7E91C /* Debug */ = {
			isa = XCBuildConfiguration;
			baseConfigurationReference = 21F9E4976590E6F8E387DCD1 /* Pods-SwpFormwork.debug.xcconfig */;
			buildSettings = {
				ASSETCATALOG_COMPILER_APPICON_NAME = AppIcon;
				CODE_SIGN_IDENTITY = "iPhone Developer";
				"CODE_SIGN_IDENTITY[sdk=iphoneos*]" = "iPhone Developer";
				DEVELOPMENT_TEAM = LPE25S623J;
				GCC_PREFIX_HEADER = "$(SRCROOT)/SwpFormwork/Class/Main/SwpOrder/SwpHeader/SwpFormworkPCH.h";
				INFOPLIST_FILE = SwpFormwork/Info.plist;
				IPHONEOS_DEPLOYMENT_TARGET = 8.0;
				LD_RUNPATH_SEARCH_PATHS = "$(inherited) @executable_path/Frameworks";
				PRODUCT_BUNDLE_IDENTIFIER = com.youdro.AddressList;
				PRODUCT_NAME = "$(TARGET_NAME)";
				PROVISIONING_PROFILE = "";
				VALID_ARCHS = "arm64 armv7 armv7s";
			};
			name = Debug;
		};
		2D88ED8B1CE9609D00E7E91C /* Release */ = {
			isa = XCBuildConfiguration;
			baseConfigurationReference = FA1DF7AE43581268B4624DD0 /* Pods-SwpFormwork.release.xcconfig */;
			buildSettings = {
				ASSETCATALOG_COMPILER_APPICON_NAME = AppIcon;
				CODE_SIGN_IDENTITY = "iPhone Developer";
				"CODE_SIGN_IDENTITY[sdk=iphoneos*]" = "iPhone Developer";
				DEVELOPMENT_TEAM = LPE25S623J;
				GCC_PREFIX_HEADER = "$(SRCROOT)/SwpFormwork/Class/Main/SwpOrder/SwpHeader/SwpFormworkPCH.h";
				INFOPLIST_FILE = SwpFormwork/Info.plist;
				IPHONEOS_DEPLOYMENT_TARGET = 8.0;
				LD_RUNPATH_SEARCH_PATHS = "$(inherited) @executable_path/Frameworks";
				PRODUCT_BUNDLE_IDENTIFIER = com.youdro.AddressList;
				PRODUCT_NAME = "$(TARGET_NAME)";
				PROVISIONING_PROFILE = "";
				VALID_ARCHS = "arm64 armv7 armv7s";
			};
			name = Release;
		};
/* End XCBuildConfiguration section */

/* Begin XCConfigurationList section */
		2D88ED731CE9609D00E7E91C /* Build configuration list for PBXProject "SwpFormwork" */ = {
			isa = XCConfigurationList;
			buildConfigurations = (
				2D88ED871CE9609D00E7E91C /* Debug */,
				2D88ED881CE9609D00E7E91C /* Release */,
			);
			defaultConfigurationIsVisible = 0;
			defaultConfigurationName = Release;
		};
		2D88ED891CE9609D00E7E91C /* Build configuration list for PBXNativeTarget "SwpFormwork" */ = {
			isa = XCConfigurationList;
			buildConfigurations = (
				2D88ED8A1CE9609D00E7E91C /* Debug */,
				2D88ED8B1CE9609D00E7E91C /* Release */,
			);
			defaultConfigurationIsVisible = 0;
			defaultConfigurationName = Release;
		};
/* End XCConfigurationList section */
	};
	rootObject = 2D88ED701CE9609D00E7E91C /* Project object */;
}
